// !$*UTF8*$!
{
	archiveVersion = 1;
	classes = {
	};
	objectVersion = 46;
	objects = {

/* Begin PBXBuildFile section */
		1C8DA84A5DAC9C1F30E41F4D /* libPods-LSDBuDeJie.a in Frameworks */ = {isa = PBXBuildFile; fileRef = 35AD4B7C53995C19DD49228B /* libPods-LSDBuDeJie.a */; };
		6C05CF2A1E276A71005DB676 /* NSString+Extension.m in Sources */ = {isa = PBXBuildFile; fileRef = 6C05CF291E276A71005DB676 /* NSString+Extension.m */; };
		6C05CF2D1E2778AD005DB676 /* LSDMsgAlertView.m in Sources */ = {isa = PBXBuildFile; fileRef = 6C05CF2C1E2778AD005DB676 /* LSDMsgAlertView.m */; };
		6C10A87C1E31DFD400456658 /* LSDCommentItem.m in Sources */ = {isa = PBXBuildFile; fileRef = 6C10A87B1E31DFD400456658 /* LSDCommentItem.m */; };
		6C10A87F1E31E02200456658 /* LSDUser.m in Sources */ = {isa = PBXBuildFile; fileRef = 6C10A87E1E31E02200456658 /* LSDUser.m */; };
		6C28BC111E1CC07C00BB6281 /* Main.storyboard in Resources */ = {isa = PBXBuildFile; fileRef = 6C28BC0F1E1CC07C00BB6281 /* Main.storyboard */; };
		6C28BC131E1CC07C00BB6281 /* Assets.xcassets in Resources */ = {isa = PBXBuildFile; fileRef = 6C28BC121E1CC07C00BB6281 /* Assets.xcassets */; };
		6C28BC161E1CC07C00BB6281 /* LaunchScreen.storyboard in Resources */ = {isa = PBXBuildFile; fileRef = 6C28BC141E1CC07C00BB6281 /* LaunchScreen.storyboard */; };
		6C28BC211E1CC07C00BB6281 /* LSDBuDeJieTests.m in Sources */ = {isa = PBXBuildFile; fileRef = 6C28BC201E1CC07C00BB6281 /* LSDBuDeJieTests.m */; };
		6C28BC2C1E1CC07C00BB6281 /* LSDBuDeJieUITests.m in Sources */ = {isa = PBXBuildFile; fileRef = 6C28BC2B1E1CC07C00BB6281 /* LSDBuDeJieUITests.m */; };
		6C55EE361E2DC5C800556DB5 /* LSDRefreshFootView.m in Sources */ = {isa = PBXBuildFile; fileRef = 6C55EE351E2DC5C800556DB5 /* LSDRefreshFootView.m */; };
		6C55EE391E2DF11F00556DB5 /* LSDRefreshHeadView.m in Sources */ = {isa = PBXBuildFile; fileRef = 6C55EE381E2DF11F00556DB5 /* LSDRefreshHeadView.m */; };
		6C5818581E233DC100A0BBC9 /* LaunchImage-568h@2x.png in Resources */ = {isa = PBXBuildFile; fileRef = 6C5818511E233DC100A0BBC9 /* LaunchImage-568h@2x.png */; };
		6C5818591E233DC100A0BBC9 /* LaunchImage-700-568h@2x.png in Resources */ = {isa = PBXBuildFile; fileRef = 6C5818521E233DC100A0BBC9 /* LaunchImage-700-568h@2x.png */; };
		6C58185A1E233DC100A0BBC9 /* LaunchImage-700@2x.png in Resources */ = {isa = PBXBuildFile; fileRef = 6C5818531E233DC100A0BBC9 /* LaunchImage-700@2x.png */; };
		6C58185B1E233DC100A0BBC9 /* LaunchImage-800-667h@2x.png in Resources */ = {isa = PBXBuildFile; fileRef = 6C5818541E233DC100A0BBC9 /* LaunchImage-800-667h@2x.png */; };
		6C58185C1E233DC100A0BBC9 /* LaunchImage-800-Portrait-736h@3x.png in Resources */ = {isa = PBXBuildFile; fileRef = 6C5818551E233DC100A0BBC9 /* LaunchImage-800-Portrait-736h@3x.png */; };
		6C58185D1E233DC100A0BBC9 /* LaunchImage.png in Resources */ = {isa = PBXBuildFile; fileRef = 6C5818561E233DC100A0BBC9 /* LaunchImage.png */; };
		6C58185E1E233DC100A0BBC9 /* LaunchImage@2x.png in Resources */ = {isa = PBXBuildFile; fileRef = 6C5818571E233DC100A0BBC9 /* LaunchImage@2x.png */; };
		6C5818661E233E6E00A0BBC9 /* LSDAdVC.m in Sources */ = {isa = PBXBuildFile; fileRef = 6C5818641E233E6E00A0BBC9 /* LSDAdVC.m */; };
		6C5818671E233E6E00A0BBC9 /* LSDAdVC.xib in Resources */ = {isa = PBXBuildFile; fileRef = 6C5818651E233E6E00A0BBC9 /* LSDAdVC.xib */; };
		6C58186B1E23560400A0BBC9 /* LSDConst.m in Sources */ = {isa = PBXBuildFile; fileRef = 6C58186A1E23560400A0BBC9 /* LSDConst.m */; };
		6C5818731E236A2500A0BBC9 /* LSDAdNet.m in Sources */ = {isa = PBXBuildFile; fileRef = 6C5818721E236A2500A0BBC9 /* LSDAdNet.m */; };
		6C5818761E236A8C00A0BBC9 /* LSDAdItem.m in Sources */ = {isa = PBXBuildFile; fileRef = 6C5818751E236A8C00A0BBC9 /* LSDAdItem.m */; };
		6C5818791E237EDA00A0BBC9 /* LSDSubTagVC.m in Sources */ = {isa = PBXBuildFile; fileRef = 6C5818781E237EDA00A0BBC9 /* LSDSubTagVC.m */; };
		6C58187D1E237F5700A0BBC9 /* LSDSubTagCell.m in Sources */ = {isa = PBXBuildFile; fileRef = 6C58187B1E237F5700A0BBC9 /* LSDSubTagCell.m */; };
		6C58187E1E237F5700A0BBC9 /* LSDSubTagCell.xib in Resources */ = {isa = PBXBuildFile; fileRef = 6C58187C1E237F5700A0BBC9 /* LSDSubTagCell.xib */; };
		6C5818811E237F7900A0BBC9 /* LSDSubTagItem.m in Sources */ = {isa = PBXBuildFile; fileRef = 6C5818801E237F7900A0BBC9 /* LSDSubTagItem.m */; };
		6C5818851E23847100A0BBC9 /* LSDSubTagNet.m in Sources */ = {isa = PBXBuildFile; fileRef = 6C5818841E23847100A0BBC9 /* LSDSubTagNet.m */; };
		6C585B2B1E28691300FA76FF /* LSDBaseNetTool.m in Sources */ = {isa = PBXBuildFile; fileRef = 6C585B281E28691300FA76FF /* LSDBaseNetTool.m */; };
		6C585B2C1E28691300FA76FF /* LSDFileTool.m in Sources */ = {isa = PBXBuildFile; fileRef = 6C585B2A1E28691300FA76FF /* LSDFileTool.m */; };
		6C585B2F1E28759700FA76FF /* LSDTitleView.m in Sources */ = {isa = PBXBuildFile; fileRef = 6C585B2E1E28759700FA76FF /* LSDTitleView.m */; };
		6C600D9E1E3305E100E05C30 /* LSDCommentUserVC.m in Sources */ = {isa = PBXBuildFile; fileRef = 6C600D9D1E3305E100E05C30 /* LSDCommentUserVC.m */; };
		6C74DC271E52941A00E2A9A7 /* LSDAssetTool.m in Sources */ = {isa = PBXBuildFile; fileRef = 6C74DC261E52941A00E2A9A7 /* LSDAssetTool.m */; };
		6C7EEC641E24CDEF0058875D /* LSDFastLoginView.m in Sources */ = {isa = PBXBuildFile; fileRef = 6C7EEC631E24CDEF0058875D /* LSDFastLoginView.m */; };
		6C7EEC661E24CE060058875D /* LSDFastLoginView.xib in Resources */ = {isa = PBXBuildFile; fileRef = 6C7EEC651E24CE060058875D /* LSDFastLoginView.xib */; };
		6C7EEC691E24D20C0058875D /* LSDButton.m in Sources */ = {isa = PBXBuildFile; fileRef = 6C7EEC681E24D20C0058875D /* LSDButton.m */; };
		6C7EEC6C1E24D4940058875D /* LSDLoginRegistView.m in Sources */ = {isa = PBXBuildFile; fileRef = 6C7EEC6B1E24D4940058875D /* LSDLoginRegistView.m */; };
		6C7EEC6E1E24D4B60058875D /* LSDLoginRegistView.xib in Resources */ = {isa = PBXBuildFile; fileRef = 6C7EEC6D1E24D4B60058875D /* LSDLoginRegistView.xib */; };
		6C80117E1E271EC4002B7EFC /* LSDWebViewVC.m in Sources */ = {isa = PBXBuildFile; fileRef = 6C80117D1E271EC4002B7EFC /* LSDWebViewVC.m */; };
		6C8011811E274F2B002B7EFC /* LSDSectionHeadView.m in Sources */ = {isa = PBXBuildFile; fileRef = 6C8011801E274F2B002B7EFC /* LSDSectionHeadView.m */; };
		6C8011831E274F52002B7EFC /* LSDSectionHeadView.xib in Resources */ = {isa = PBXBuildFile; fileRef = 6C8011821E274F52002B7EFC /* LSDSectionHeadView.xib */; };
		6C8320031E1F30C500BBDEDA /* AppDelegate.m in Sources */ = {isa = PBXBuildFile; fileRef = 6C831FFD1E1F30C500BBDEDA /* AppDelegate.m */; };
		6C8320041E1F30C500BBDEDA /* main.m in Sources */ = {isa = PBXBuildFile; fileRef = 6C831FFE1E1F30C500BBDEDA /* main.m */; };
		6C8320071E1F30F500BBDEDA /* LSDTabBarVC.m in Sources */ = {isa = PBXBuildFile; fileRef = 6C8320061E1F30F500BBDEDA /* LSDTabBarVC.m */; };
		6C83200A1E1F313B00BBDEDA /* LSDMeVC.m in Sources */ = {isa = PBXBuildFile; fileRef = 6C8320091E1F313B00BBDEDA /* LSDMeVC.m */; };
		6C83200D1E1F316200BBDEDA /* LSDFriendTrendVC.m in Sources */ = {isa = PBXBuildFile; fileRef = 6C83200C1E1F316200BBDEDA /* LSDFriendTrendVC.m */; };
		6C8320101E1F317900BBDEDA /* LSDEssenceVC.m in Sources */ = {isa = PBXBuildFile; fileRef = 6C83200F1E1F317900BBDEDA /* LSDEssenceVC.m */; };
		6C8320131E1F319200BBDEDA /* LSDPublishVC.m in Sources */ = {isa = PBXBuildFile; fileRef = 6C8320121E1F319200BBDEDA /* LSDPublishVC.m */; };
		6C83201A1E1F322600BBDEDA /* LSDNewVC.m in Sources */ = {isa = PBXBuildFile; fileRef = 6C8320191E1F322600BBDEDA /* LSDNewVC.m */; };
		6C83201D1E1F79CB00BBDEDA /* LSDTabBar.m in Sources */ = {isa = PBXBuildFile; fileRef = 6C83201C1E1F79CB00BBDEDA /* LSDTabBar.m */; };
		6C8320251E1F7B1C00BBDEDA /* UIView+Frame.m in Sources */ = {isa = PBXBuildFile; fileRef = 6C8320241E1F7B1C00BBDEDA /* UIView+Frame.m */; };
		6C8320291E1F81FE00BBDEDA /* LSDNavigationVC.m in Sources */ = {isa = PBXBuildFile; fileRef = 6C8320281E1F81FE00BBDEDA /* LSDNavigationVC.m */; };
		6C83202C1E1F872300BBDEDA /* UIBarButtonItem+Item.m in Sources */ = {isa = PBXBuildFile; fileRef = 6C83202B1E1F872300BBDEDA /* UIBarButtonItem+Item.m */; };
		6C83202F1E1F8BF800BBDEDA /* LSDSettingVC.m in Sources */ = {isa = PBXBuildFile; fileRef = 6C83202E1E1F8BF800BBDEDA /* LSDSettingVC.m */; };
		6C86C9CF1E308FE3004EA1FB /* LSDColumnCell.m in Sources */ = {isa = PBXBuildFile; fileRef = 6C86C9CD1E308FE3004EA1FB /* LSDColumnCell.m */; };
		6C86C9D01E308FE3004EA1FB /* LSDColumnCell.xib in Resources */ = {isa = PBXBuildFile; fileRef = 6C86C9CE1E308FE3004EA1FB /* LSDColumnCell.xib */; };
		6C9404CB1E4D559900BB8CAC /* LSDSeeBigPictureVC.m in Sources */ = {isa = PBXBuildFile; fileRef = 6C9404CA1E4D559900BB8CAC /* LSDSeeBigPictureVC.m */; };
		6CA03A9F1E248B3C00E768F1 /* UIStoryboard+VC.m in Sources */ = {isa = PBXBuildFile; fileRef = 6CA03A9E1E248B3C00E768F1 /* UIStoryboard+VC.m */; };
		6CA03AA21E248E7B00E768F1 /* LSDLoginVC.m in Sources */ = {isa = PBXBuildFile; fileRef = 6CA03AA11E248E7B00E768F1 /* LSDLoginVC.m */; };
		6CA447361E25C1DA000D2DCF /* LSDTextField.m in Sources */ = {isa = PBXBuildFile; fileRef = 6CA447351E25C1DA000D2DCF /* LSDTextField.m */; };
		6CA447391E25C78F000D2DCF /* UITextField+PlaceHolderColor.m in Sources */ = {isa = PBXBuildFile; fileRef = 6CA447381E25C78F000D2DCF /* UITextField+PlaceHolderColor.m */; };
		6CA447421E25D870000D2DCF /* LSDCollectionCell.m in Sources */ = {isa = PBXBuildFile; fileRef = 6CA447401E25D870000D2DCF /* LSDCollectionCell.m */; };
		6CA447431E25D870000D2DCF /* LSDCollectionCell.xib in Resources */ = {isa = PBXBuildFile; fileRef = 6CA447411E25D870000D2DCF /* LSDCollectionCell.xib */; };
		6CA447461E25D9E9000D2DCF /* LSDModuleItem.m in Sources */ = {isa = PBXBuildFile; fileRef = 6CA447451E25D9E9000D2DCF /* LSDModuleItem.m */; };
		6CB88DB31E30B14E00A85E97 /* UIImageView+Extension.m in Sources */ = {isa = PBXBuildFile; fileRef = 6CB88DB21E30B14E00A85E97 /* UIImageView+Extension.m */; };
		6CBBAC7E1E4700D900367E47 /* LSDColumnVideoView.m in Sources */ = {isa = PBXBuildFile; fileRef = 6CBBAC7D1E4700D900367E47 /* LSDColumnVideoView.m */; };
		6CBBAC801E4700E700367E47 /* LSDColumnVideoView.xib in Resources */ = {isa = PBXBuildFile; fileRef = 6CBBAC7F1E4700E700367E47 /* LSDColumnVideoView.xib */; };
		6CBBAC831E47010E00367E47 /* LSDColumnPictureView.m in Sources */ = {isa = PBXBuildFile; fileRef = 6CBBAC821E47010E00367E47 /* LSDColumnPictureView.m */; };
		6CBBAC851E47011A00367E47 /* LSDColumnPictureView.xib in Resources */ = {isa = PBXBuildFile; fileRef = 6CBBAC841E47011A00367E47 /* LSDColumnPictureView.xib */; };
		6CD049381E26168000FFEEEF /* LSDModulesNet.m in Sources */ = {isa = PBXBuildFile; fileRef = 6CD049371E26168000FFEEEF /* LSDModulesNet.m */; };
		6CD0493B1E2627FB00FFEEEF /* LSDFootView.m in Sources */ = {isa = PBXBuildFile; fileRef = 6CD0493A1E2627FB00FFEEEF /* LSDFootView.m */; };
		6CD5BE4C1E33463E009E1CC5 /* LSDColumnSoundView.m in Sources */ = {isa = PBXBuildFile; fileRef = 6CD5BE4B1E33463E009E1CC5 /* LSDColumnSoundView.m */; };
		6CD5BE4E1E334651009E1CC5 /* LSDColumnSoundView.xib in Resources */ = {isa = PBXBuildFile; fileRef = 6CD5BE4D1E334651009E1CC5 /* LSDColumnSoundView.xib */; };
		6CD5BE511E3355C9009E1CC5 /* LSDBottomView.m in Sources */ = {isa = PBXBuildFile; fileRef = 6CD5BE501E3355C9009E1CC5 /* LSDBottomView.m */; };
		6CFC6BCC1E28AD2900F4E5C2 /* LSDAllColumnVC.m in Sources */ = {isa = PBXBuildFile; fileRef = 6CFC6BCB1E28AD2900F4E5C2 /* LSDAllColumnVC.m */; };
		6CFC6BCF1E28AD3B00F4E5C2 /* LSDVideoVC.m in Sources */ = {isa = PBXBuildFile; fileRef = 6CFC6BCE1E28AD3B00F4E5C2 /* LSDVideoVC.m */; };
		6CFC6BD21E28AD4E00F4E5C2 /* LSDSoundVC.m in Sources */ = {isa = PBXBuildFile; fileRef = 6CFC6BD11E28AD4E00F4E5C2 /* LSDSoundVC.m */; };
		6CFC6BD51E28AD6600F4E5C2 /* LSDPictureVC.m in Sources */ = {isa = PBXBuildFile; fileRef = 6CFC6BD41E28AD6600F4E5C2 /* LSDPictureVC.m */; };
		6CFC6BD81E28AD9600F4E5C2 /* LSDJokesVC.m in Sources */ = {isa = PBXBuildFile; fileRef = 6CFC6BD71E28AD9600F4E5C2 /* LSDJokesVC.m */; };
		6CFF017B1E2F3D4000EC7967 /* LSDAllColumnNet.m in Sources */ = {isa = PBXBuildFile; fileRef = 6CFF017A1E2F3D4000EC7967 /* LSDAllColumnNet.m */; };
		6CFF017E1E2F431D00EC7967 /* LSDAllColumnItem.m in Sources */ = {isa = PBXBuildFile; fileRef = 6CFF017D1E2F431D00EC7967 /* LSDAllColumnItem.m */; };
/* End PBXBuildFile section */

/* Begin PBXContainerItemProxy section */
		6C28BC1D1E1CC07C00BB6281 /* PBXContainerItemProxy */ = {
			isa = PBXContainerItemProxy;
			containerPortal = 6C28BBFB1E1CC07C00BB6281 /* Project object */;
			proxyType = 1;
			remoteGlobalIDString = 6C28BC021E1CC07C00BB6281;
			remoteInfo = LSDBuDeJie;
		};
		6C28BC281E1CC07C00BB6281 /* PBXContainerItemProxy */ = {
			isa = PBXContainerItemProxy;
			containerPortal = 6C28BBFB1E1CC07C00BB6281 /* Project object */;
			proxyType = 1;
			remoteGlobalIDString = 6C28BC021E1CC07C00BB6281;
			remoteInfo = LSDBuDeJie;
		};
/* End PBXContainerItemProxy section */

/* Begin PBXFileReference section */
		35AD4B7C53995C19DD49228B /* libPods-LSDBuDeJie.a */ = {isa = PBXFileReference; explicitFileType = archive.ar; includeInIndex = 0; path = "libPods-LSDBuDeJie.a"; sourceTree = BUILT_PRODUCTS_DIR; };
		533132B75CAF9C00C03BE45C /* Pods-LSDBuDeJie.debug.xcconfig */ = {isa = PBXFileReference; includeInIndex = 1; lastKnownFileType = text.xcconfig; name = "Pods-LSDBuDeJie.debug.xcconfig"; path = "Pods/Target Support Files/Pods-LSDBuDeJie/Pods-LSDBuDeJie.debug.xcconfig"; sourceTree = "<group>"; };
		6121EF2147CB3625C9A3DA86 /* Pods-LSDBuDeJie.release.xcconfig */ = {isa = PBXFileReference; includeInIndex = 1; lastKnownFileType = text.xcconfig; name = "Pods-LSDBuDeJie.release.xcconfig"; path = "Pods/Target Support Files/Pods-LSDBuDeJie/Pods-LSDBuDeJie.release.xcconfig"; sourceTree = "<group>"; };
		6C05CF281E276A71005DB676 /* NSString+Extension.h */ = {isa = PBXFileReference; fileEncoding = 4; lastKnownFileType = sourcecode.c.h; path = "NSString+Extension.h"; sourceTree = "<group>"; };
		6C05CF291E276A71005DB676 /* NSString+Extension.m */ = {isa = PBXFileReference; fileEncoding = 4; lastKnownFileType = sourcecode.c.objc; path = "NSString+Extension.m"; sourceTree = "<group>"; };
		6C05CF2B1E2778AD005DB676 /* LSDMsgAlertView.h */ = {isa = PBXFileReference; fileEncoding = 4; lastKnownFileType = sourcecode.c.h; path = LSDMsgAlertView.h; sourceTree = "<group>"; };
		6C05CF2C1E2778AD005DB676 /* LSDMsgAlertView.m */ = {isa = PBXFileReference; fileEncoding = 4; lastKnownFileType = sourcecode.c.objc; path = LSDMsgAlertView.m; sourceTree = "<group>"; };
		6C10A87A1E31DFD400456658 /* LSDCommentItem.h */ = {isa = PBXFileReference; fileEncoding = 4; lastKnownFileType = sourcecode.c.h; path = LSDCommentItem.h; sourceTree = "<group>"; };
		6C10A87B1E31DFD400456658 /* LSDCommentItem.m */ = {isa = PBXFileReference; fileEncoding = 4; lastKnownFileType = sourcecode.c.objc; path = LSDCommentItem.m; sourceTree = "<group>"; };
		6C10A87D1E31E02200456658 /* LSDUser.h */ = {isa = PBXFileReference; fileEncoding = 4; lastKnownFileType = sourcecode.c.h; path = LSDUser.h; sourceTree = "<group>"; };
		6C10A87E1E31E02200456658 /* LSDUser.m */ = {isa = PBXFileReference; fileEncoding = 4; lastKnownFileType = sourcecode.c.objc; path = LSDUser.m; sourceTree = "<group>"; };
		6C28BC031E1CC07C00BB6281 /* LSDBuDeJie.app */ = {isa = PBXFileReference; explicitFileType = wrapper.application; includeInIndex = 0; path = LSDBuDeJie.app; sourceTree = BUILT_PRODUCTS_DIR; };
		6C28BC101E1CC07C00BB6281 /* Base */ = {isa = PBXFileReference; lastKnownFileType = file.storyboard; name = Base; path = Base.lproj/Main.storyboard; sourceTree = "<group>"; };
		6C28BC121E1CC07C00BB6281 /* Assets.xcassets */ = {isa = PBXFileReference; lastKnownFileType = folder.assetcatalog; path = Assets.xcassets; sourceTree = "<group>"; };
		6C28BC151E1CC07C00BB6281 /* Base */ = {isa = PBXFileReference; lastKnownFileType = file.storyboard; name = Base; path = Base.lproj/LaunchScreen.storyboard; sourceTree = "<group>"; };
		6C28BC171E1CC07C00BB6281 /* Info.plist */ = {isa = PBXFileReference; lastKnownFileType = text.plist.xml; path = Info.plist; sourceTree = "<group>"; };
		6C28BC1C1E1CC07C00BB6281 /* LSDBuDeJieTests.xctest */ = {isa = PBXFileReference; explicitFileType = wrapper.cfbundle; includeInIndex = 0; path = LSDBuDeJieTests.xctest; sourceTree = BUILT_PRODUCTS_DIR; };
		6C28BC201E1CC07C00BB6281 /* LSDBuDeJieTests.m */ = {isa = PBXFileReference; lastKnownFileType = sourcecode.c.objc; path = LSDBuDeJieTests.m; sourceTree = "<group>"; };
		6C28BC221E1CC07C00BB6281 /* Info.plist */ = {isa = PBXFileReference; lastKnownFileType = text.plist.xml; path = Info.plist; sourceTree = "<group>"; };
		6C28BC271E1CC07C00BB6281 /* LSDBuDeJieUITests.xctest */ = {isa = PBXFileReference; explicitFileType = wrapper.cfbundle; includeInIndex = 0; path = LSDBuDeJieUITests.xctest; sourceTree = BUILT_PRODUCTS_DIR; };
		6C28BC2B1E1CC07C00BB6281 /* LSDBuDeJieUITests.m */ = {isa = PBXFileReference; lastKnownFileType = sourcecode.c.objc; path = LSDBuDeJieUITests.m; sourceTree = "<group>"; };
		6C28BC2D1E1CC07C00BB6281 /* Info.plist */ = {isa = PBXFileReference; lastKnownFileType = text.plist.xml; path = Info.plist; sourceTree = "<group>"; };
		6C55EE341E2DC5C800556DB5 /* LSDRefreshFootView.h */ = {isa = PBXFileReference; fileEncoding = 4; lastKnownFileType = sourcecode.c.h; path = LSDRefreshFootView.h; sourceTree = "<group>"; };
		6C55EE351E2DC5C800556DB5 /* LSDRefreshFootView.m */ = {isa = PBXFileReference; fileEncoding = 4; lastKnownFileType = sourcecode.c.objc; path = LSDRefreshFootView.m; sourceTree = "<group>"; };
		6C55EE371E2DF11F00556DB5 /* LSDRefreshHeadView.h */ = {isa = PBXFileReference; fileEncoding = 4; lastKnownFileType = sourcecode.c.h; path = LSDRefreshHeadView.h; sourceTree = "<group>"; };
		6C55EE381E2DF11F00556DB5 /* LSDRefreshHeadView.m */ = {isa = PBXFileReference; fileEncoding = 4; lastKnownFileType = sourcecode.c.objc; path = LSDRefreshHeadView.m; sourceTree = "<group>"; };
		6C5818511E233DC100A0BBC9 /* LaunchImage-568h@2x.png */ = {isa = PBXFileReference; lastKnownFileType = image.png; path = "LaunchImage-568h@2x.png"; sourceTree = "<group>"; };
		6C5818521E233DC100A0BBC9 /* LaunchImage-700-568h@2x.png */ = {isa = PBXFileReference; lastKnownFileType = image.png; path = "LaunchImage-700-568h@2x.png"; sourceTree = "<group>"; };
		6C5818531E233DC100A0BBC9 /* LaunchImage-700@2x.png */ = {isa = PBXFileReference; lastKnownFileType = image.png; path = "LaunchImage-700@2x.png"; sourceTree = "<group>"; };
		6C5818541E233DC100A0BBC9 /* LaunchImage-800-667h@2x.png */ = {isa = PBXFileReference; lastKnownFileType = image.png; path = "LaunchImage-800-667h@2x.png"; sourceTree = "<group>"; };
		6C5818551E233DC100A0BBC9 /* LaunchImage-800-Portrait-736h@3x.png */ = {isa = PBXFileReference; lastKnownFileType = image.png; path = "LaunchImage-800-Portrait-736h@3x.png"; sourceTree = "<group>"; };
		6C5818561E233DC100A0BBC9 /* LaunchImage.png */ = {isa = PBXFileReference; lastKnownFileType = image.png; path = LaunchImage.png; sourceTree = "<group>"; };
		6C5818571E233DC100A0BBC9 /* LaunchImage@2x.png */ = {isa = PBXFileReference; lastKnownFileType = image.png; path = "LaunchImage@2x.png"; sourceTree = "<group>"; };
		6C5818631E233E6E00A0BBC9 /* LSDAdVC.h */ = {isa = PBXFileReference; fileEncoding = 4; lastKnownFileType = sourcecode.c.h; path = LSDAdVC.h; sourceTree = "<group>"; };
		6C5818641E233E6E00A0BBC9 /* LSDAdVC.m */ = {isa = PBXFileReference; fileEncoding = 4; lastKnownFileType = sourcecode.c.objc; path = LSDAdVC.m; sourceTree = "<group>"; };
		6C5818651E233E6E00A0BBC9 /* LSDAdVC.xib */ = {isa = PBXFileReference; fileEncoding = 4; lastKnownFileType = file.xib; path = LSDAdVC.xib; sourceTree = "<group>"; };
		6C5818681E23544C00A0BBC9 /* LSDMarch.h */ = {isa = PBXFileReference; lastKnownFileType = sourcecode.c.h; path = LSDMarch.h; sourceTree = "<group>"; };
		6C5818691E23560400A0BBC9 /* LSDConst.h */ = {isa = PBXFileReference; fileEncoding = 4; lastKnownFileType = sourcecode.c.h; path = LSDConst.h; sourceTree = "<group>"; };
		6C58186A1E23560400A0BBC9 /* LSDConst.m */ = {isa = PBXFileReference; fileEncoding = 4; lastKnownFileType = sourcecode.c.objc; path = LSDConst.m; sourceTree = "<group>"; };
		6C5818711E236A2500A0BBC9 /* LSDAdNet.h */ = {isa = PBXFileReference; fileEncoding = 4; lastKnownFileType = sourcecode.c.h; path = LSDAdNet.h; sourceTree = "<group>"; };
		6C5818721E236A2500A0BBC9 /* LSDAdNet.m */ = {isa = PBXFileReference; fileEncoding = 4; lastKnownFileType = sourcecode.c.objc; path = LSDAdNet.m; sourceTree = "<group>"; };
		6C5818741E236A8C00A0BBC9 /* LSDAdItem.h */ = {isa = PBXFileReference; fileEncoding = 4; lastKnownFileType = sourcecode.c.h; path = LSDAdItem.h; sourceTree = "<group>"; };
		6C5818751E236A8C00A0BBC9 /* LSDAdItem.m */ = {isa = PBXFileReference; fileEncoding = 4; lastKnownFileType = sourcecode.c.objc; path = LSDAdItem.m; sourceTree = "<group>"; };
		6C5818771E237EDA00A0BBC9 /* LSDSubTagVC.h */ = {isa = PBXFileReference; fileEncoding = 4; lastKnownFileType = sourcecode.c.h; path = LSDSubTagVC.h; sourceTree = "<group>"; };
		6C5818781E237EDA00A0BBC9 /* LSDSubTagVC.m */ = {isa = PBXFileReference; fileEncoding = 4; lastKnownFileType = sourcecode.c.objc; path = LSDSubTagVC.m; sourceTree = "<group>"; };
		6C58187A1E237F5700A0BBC9 /* LSDSubTagCell.h */ = {isa = PBXFileReference; fileEncoding = 4; lastKnownFileType = sourcecode.c.h; path = LSDSubTagCell.h; sourceTree = "<group>"; };
		6C58187B1E237F5700A0BBC9 /* LSDSubTagCell.m */ = {isa = PBXFileReference; fileEncoding = 4; lastKnownFileType = sourcecode.c.objc; path = LSDSubTagCell.m; sourceTree = "<group>"; };
		6C58187C1E237F5700A0BBC9 /* LSDSubTagCell.xib */ = {isa = PBXFileReference; fileEncoding = 4; lastKnownFileType = file.xib; path = LSDSubTagCell.xib; sourceTree = "<group>"; };
		6C58187F1E237F7900A0BBC9 /* LSDSubTagItem.h */ = {isa = PBXFileReference; fileEncoding = 4; lastKnownFileType = sourcecode.c.h; path = LSDSubTagItem.h; sourceTree = "<group>"; };
		6C5818801E237F7900A0BBC9 /* LSDSubTagItem.m */ = {isa = PBXFileReference; fileEncoding = 4; lastKnownFileType = sourcecode.c.objc; path = LSDSubTagItem.m; sourceTree = "<group>"; };
		6C5818831E23847100A0BBC9 /* LSDSubTagNet.h */ = {isa = PBXFileReference; fileEncoding = 4; lastKnownFileType = sourcecode.c.h; path = LSDSubTagNet.h; sourceTree = "<group>"; };
		6C5818841E23847100A0BBC9 /* LSDSubTagNet.m */ = {isa = PBXFileReference; fileEncoding = 4; lastKnownFileType = sourcecode.c.objc; path = LSDSubTagNet.m; sourceTree = "<group>"; };
		6C585B271E28691300FA76FF /* LSDBaseNetTool.h */ = {isa = PBXFileReference; fileEncoding = 4; lastKnownFileType = sourcecode.c.h; path = LSDBaseNetTool.h; sourceTree = "<group>"; };
		6C585B281E28691300FA76FF /* LSDBaseNetTool.m */ = {isa = PBXFileReference; fileEncoding = 4; lastKnownFileType = sourcecode.c.objc; path = LSDBaseNetTool.m; sourceTree = "<group>"; };
		6C585B291E28691300FA76FF /* LSDFileTool.h */ = {isa = PBXFileReference; fileEncoding = 4; lastKnownFileType = sourcecode.c.h; path = LSDFileTool.h; sourceTree = "<group>"; };
		6C585B2A1E28691300FA76FF /* LSDFileTool.m */ = {isa = PBXFileReference; fileEncoding = 4; lastKnownFileType = sourcecode.c.objc; path = LSDFileTool.m; sourceTree = "<group>"; };
		6C585B2D1E28759700FA76FF /* LSDTitleView.h */ = {isa = PBXFileReference; fileEncoding = 4; lastKnownFileType = sourcecode.c.h; path = LSDTitleView.h; sourceTree = "<group>"; };
		6C585B2E1E28759700FA76FF /* LSDTitleView.m */ = {isa = PBXFileReference; fileEncoding = 4; lastKnownFileType = sourcecode.c.objc; path = LSDTitleView.m; sourceTree = "<group>"; };
		6C600D9C1E3305E100E05C30 /* LSDCommentUserVC.h */ = {isa = PBXFileReference; fileEncoding = 4; lastKnownFileType = sourcecode.c.h; path = LSDCommentUserVC.h; sourceTree = "<group>"; };
		6C600D9D1E3305E100E05C30 /* LSDCommentUserVC.m */ = {isa = PBXFileReference; fileEncoding = 4; lastKnownFileType = sourcecode.c.objc; path = LSDCommentUserVC.m; sourceTree = "<group>"; };
		6C74DC251E52941A00E2A9A7 /* LSDAssetTool.h */ = {isa = PBXFileReference; fileEncoding = 4; lastKnownFileType = sourcecode.c.h; path = LSDAssetTool.h; sourceTree = "<group>"; };
		6C74DC261E52941A00E2A9A7 /* LSDAssetTool.m */ = {isa = PBXFileReference; fileEncoding = 4; lastKnownFileType = sourcecode.c.objc; path = LSDAssetTool.m; sourceTree = "<group>"; };
		6C7EEC621E24CDEF0058875D /* LSDFastLoginView.h */ = {isa = PBXFileReference; fileEncoding = 4; lastKnownFileType = sourcecode.c.h; path = LSDFastLoginView.h; sourceTree = "<group>"; };
		6C7EEC631E24CDEF0058875D /* LSDFastLoginView.m */ = {isa = PBXFileReference; fileEncoding = 4; lastKnownFileType = sourcecode.c.objc; path = LSDFastLoginView.m; sourceTree = "<group>"; };
		6C7EEC651E24CE060058875D /* LSDFastLoginView.xib */ = {isa = PBXFileReference; fileEncoding = 4; lastKnownFileType = file.xib; path = LSDFastLoginView.xib; sourceTree = "<group>"; };
		6C7EEC671E24D20C0058875D /* LSDButton.h */ = {isa = PBXFileReference; fileEncoding = 4; lastKnownFileType = sourcecode.c.h; path = LSDButton.h; sourceTree = "<group>"; };
		6C7EEC681E24D20C0058875D /* LSDButton.m */ = {isa = PBXFileReference; fileEncoding = 4; lastKnownFileType = sourcecode.c.objc; path = LSDButton.m; sourceTree = "<group>"; };
		6C7EEC6A1E24D4940058875D /* LSDLoginRegistView.h */ = {isa = PBXFileReference; fileEncoding = 4; lastKnownFileType = sourcecode.c.h; path = LSDLoginRegistView.h; sourceTree = "<group>"; };
		6C7EEC6B1E24D4940058875D /* LSDLoginRegistView.m */ = {isa = PBXFileReference; fileEncoding = 4; lastKnownFileType = sourcecode.c.objc; path = LSDLoginRegistView.m; sourceTree = "<group>"; };
		6C7EEC6D1E24D4B60058875D /* LSDLoginRegistView.xib */ = {isa = PBXFileReference; fileEncoding = 4; lastKnownFileType = file.xib; path = LSDLoginRegistView.xib; sourceTree = "<group>"; };
		6C80117C1E271EC4002B7EFC /* LSDWebViewVC.h */ = {isa = PBXFileReference; fileEncoding = 4; lastKnownFileType = sourcecode.c.h; path = LSDWebViewVC.h; sourceTree = "<group>"; };
		6C80117D1E271EC4002B7EFC /* LSDWebViewVC.m */ = {isa = PBXFileReference; fileEncoding = 4; lastKnownFileType = sourcecode.c.objc; path = LSDWebViewVC.m; sourceTree = "<group>"; };
		6C80117F1E274F2B002B7EFC /* LSDSectionHeadView.h */ = {isa = PBXFileReference; fileEncoding = 4; lastKnownFileType = sourcecode.c.h; path = LSDSectionHeadView.h; sourceTree = "<group>"; };
		6C8011801E274F2B002B7EFC /* LSDSectionHeadView.m */ = {isa = PBXFileReference; fileEncoding = 4; lastKnownFileType = sourcecode.c.objc; path = LSDSectionHeadView.m; sourceTree = "<group>"; };
		6C8011821E274F52002B7EFC /* LSDSectionHeadView.xib */ = {isa = PBXFileReference; fileEncoding = 4; lastKnownFileType = file.xib; path = LSDSectionHeadView.xib; sourceTree = "<group>"; };
		6C831FFC1E1F30C500BBDEDA /* AppDelegate.h */ = {isa = PBXFileReference; fileEncoding = 4; lastKnownFileType = sourcecode.c.h; path = AppDelegate.h; sourceTree = "<group>"; };
		6C831FFD1E1F30C500BBDEDA /* AppDelegate.m */ = {isa = PBXFileReference; fileEncoding = 4; lastKnownFileType = sourcecode.c.objc; path = AppDelegate.m; sourceTree = "<group>"; };
		6C831FFE1E1F30C500BBDEDA /* main.m */ = {isa = PBXFileReference; fileEncoding = 4; lastKnownFileType = sourcecode.c.objc; path = main.m; sourceTree = "<group>"; };
		6C8320051E1F30F500BBDEDA /* LSDTabBarVC.h */ = {isa = PBXFileReference; fileEncoding = 4; lastKnownFileType = sourcecode.c.h; path = LSDTabBarVC.h; sourceTree = "<group>"; };
		6C8320061E1F30F500BBDEDA /* LSDTabBarVC.m */ = {isa = PBXFileReference; fileEncoding = 4; lastKnownFileType = sourcecode.c.objc; path = LSDTabBarVC.m; sourceTree = "<group>"; };
		6C8320081E1F313B00BBDEDA /* LSDMeVC.h */ = {isa = PBXFileReference; fileEncoding = 4; lastKnownFileType = sourcecode.c.h; path = LSDMeVC.h; sourceTree = "<group>"; };
		6C8320091E1F313B00BBDEDA /* LSDMeVC.m */ = {isa = PBXFileReference; fileEncoding = 4; lastKnownFileType = sourcecode.c.objc; path = LSDMeVC.m; sourceTree = "<group>"; };
		6C83200B1E1F316200BBDEDA /* LSDFriendTrendVC.h */ = {isa = PBXFileReference; fileEncoding = 4; lastKnownFileType = sourcecode.c.h; path = LSDFriendTrendVC.h; sourceTree = "<group>"; };
		6C83200C1E1F316200BBDEDA /* LSDFriendTrendVC.m */ = {isa = PBXFileReference; fileEncoding = 4; lastKnownFileType = sourcecode.c.objc; path = LSDFriendTrendVC.m; sourceTree = "<group>"; };
		6C83200E1E1F317900BBDEDA /* LSDEssenceVC.h */ = {isa = PBXFileReference; fileEncoding = 4; lastKnownFileType = sourcecode.c.h; path = LSDEssenceVC.h; sourceTree = "<group>"; };
		6C83200F1E1F317900BBDEDA /* LSDEssenceVC.m */ = {isa = PBXFileReference; fileEncoding = 4; lastKnownFileType = sourcecode.c.objc; path = LSDEssenceVC.m; sourceTree = "<group>"; };
		6C8320111E1F319200BBDEDA /* LSDPublishVC.h */ = {isa = PBXFileReference; fileEncoding = 4; lastKnownFileType = sourcecode.c.h; path = LSDPublishVC.h; sourceTree = "<group>"; };
		6C8320121E1F319200BBDEDA /* LSDPublishVC.m */ = {isa = PBXFileReference; fileEncoding = 4; lastKnownFileType = sourcecode.c.objc; path = LSDPublishVC.m; sourceTree = "<group>"; };
		6C8320181E1F322600BBDEDA /* LSDNewVC.h */ = {isa = PBXFileReference; fileEncoding = 4; lastKnownFileType = sourcecode.c.h; name = LSDNewVC.h; path = ../LSDNewVC.h; sourceTree = "<group>"; };
		6C8320191E1F322600BBDEDA /* LSDNewVC.m */ = {isa = PBXFileReference; fileEncoding = 4; lastKnownFileType = sourcecode.c.objc; name = LSDNewVC.m; path = ../LSDNewVC.m; sourceTree = "<group>"; };
		6C83201B1E1F79CB00BBDEDA /* LSDTabBar.h */ = {isa = PBXFileReference; fileEncoding = 4; lastKnownFileType = sourcecode.c.h; path = LSDTabBar.h; sourceTree = "<group>"; };
		6C83201C1E1F79CB00BBDEDA /* LSDTabBar.m */ = {isa = PBXFileReference; fileEncoding = 4; lastKnownFileType = sourcecode.c.objc; path = LSDTabBar.m; sourceTree = "<group>"; };
		6C8320231E1F7B1C00BBDEDA /* UIView+Frame.h */ = {isa = PBXFileReference; fileEncoding = 4; lastKnownFileType = sourcecode.c.h; path = "UIView+Frame.h"; sourceTree = "<group>"; };
		6C8320241E1F7B1C00BBDEDA /* UIView+Frame.m */ = {isa = PBXFileReference; fileEncoding = 4; lastKnownFileType = sourcecode.c.objc; path = "UIView+Frame.m"; sourceTree = "<group>"; };
		6C8320261E1F7C6100BBDEDA /* LSDBuDeJie.pch */ = {isa = PBXFileReference; lastKnownFileType = sourcecode.c.h; path = LSDBuDeJie.pch; sourceTree = "<group>"; };
		6C8320271E1F81FE00BBDEDA /* LSDNavigationVC.h */ = {isa = PBXFileReference; fileEncoding = 4; lastKnownFileType = sourcecode.c.h; path = LSDNavigationVC.h; sourceTree = "<group>"; };
		6C8320281E1F81FE00BBDEDA /* LSDNavigationVC.m */ = {isa = PBXFileReference; fileEncoding = 4; lastKnownFileType = sourcecode.c.objc; path = LSDNavigationVC.m; sourceTree = "<group>"; };
		6C83202A1E1F872300BBDEDA /* UIBarButtonItem+Item.h */ = {isa = PBXFileReference; fileEncoding = 4; lastKnownFileType = sourcecode.c.h; path = "UIBarButtonItem+Item.h"; sourceTree = "<group>"; };
		6C83202B1E1F872300BBDEDA /* UIBarButtonItem+Item.m */ = {isa = PBXFileReference; fileEncoding = 4; lastKnownFileType = sourcecode.c.objc; path = "UIBarButtonItem+Item.m"; sourceTree = "<group>"; };
		6C83202D1E1F8BF800BBDEDA /* LSDSettingVC.h */ = {isa = PBXFileReference; fileEncoding = 4; lastKnownFileType = sourcecode.c.h; path = LSDSettingVC.h; sourceTree = "<group>"; };
		6C83202E1E1F8BF800BBDEDA /* LSDSettingVC.m */ = {isa = PBXFileReference; fileEncoding = 4; lastKnownFileType = sourcecode.c.objc; path = LSDSettingVC.m; sourceTree = "<group>"; };
		6C86C9CC1E308FE3004EA1FB /* LSDColumnCell.h */ = {isa = PBXFileReference; fileEncoding = 4; lastKnownFileType = sourcecode.c.h; path = LSDColumnCell.h; sourceTree = "<group>"; };
		6C86C9CD1E308FE3004EA1FB /* LSDColumnCell.m */ = {isa = PBXFileReference; fileEncoding = 4; lastKnownFileType = sourcecode.c.objc; path = LSDColumnCell.m; sourceTree = "<group>"; };
		6C86C9CE1E308FE3004EA1FB /* LSDColumnCell.xib */ = {isa = PBXFileReference; fileEncoding = 4; lastKnownFileType = file.xib; path = LSDColumnCell.xib; sourceTree = "<group>"; };
		6C9404C91E4D559900BB8CAC /* LSDSeeBigPictureVC.h */ = {isa = PBXFileReference; fileEncoding = 4; lastKnownFileType = sourcecode.c.h; path = LSDSeeBigPictureVC.h; sourceTree = "<group>"; };
		6C9404CA1E4D559900BB8CAC /* LSDSeeBigPictureVC.m */ = {isa = PBXFileReference; fileEncoding = 4; lastKnownFileType = sourcecode.c.objc; path = LSDSeeBigPictureVC.m; sourceTree = "<group>"; };
		6CA03A9D1E248B3C00E768F1 /* UIStoryboard+VC.h */ = {isa = PBXFileReference; fileEncoding = 4; lastKnownFileType = sourcecode.c.h; path = "UIStoryboard+VC.h"; sourceTree = "<group>"; };
		6CA03A9E1E248B3C00E768F1 /* UIStoryboard+VC.m */ = {isa = PBXFileReference; fileEncoding = 4; lastKnownFileType = sourcecode.c.objc; path = "UIStoryboard+VC.m"; sourceTree = "<group>"; };
		6CA03AA01E248E7B00E768F1 /* LSDLoginVC.h */ = {isa = PBXFileReference; fileEncoding = 4; lastKnownFileType = sourcecode.c.h; path = LSDLoginVC.h; sourceTree = "<group>"; };
		6CA03AA11E248E7B00E768F1 /* LSDLoginVC.m */ = {isa = PBXFileReference; fileEncoding = 4; lastKnownFileType = sourcecode.c.objc; path = LSDLoginVC.m; sourceTree = "<group>"; };
		6CA447341E25C1DA000D2DCF /* LSDTextField.h */ = {isa = PBXFileReference; fileEncoding = 4; lastKnownFileType = sourcecode.c.h; path = LSDTextField.h; sourceTree = "<group>"; };
		6CA447351E25C1DA000D2DCF /* LSDTextField.m */ = {isa = PBXFileReference; fileEncoding = 4; lastKnownFileType = sourcecode.c.objc; path = LSDTextField.m; sourceTree = "<group>"; };
		6CA447371E25C78F000D2DCF /* UITextField+PlaceHolderColor.h */ = {isa = PBXFileReference; fileEncoding = 4; lastKnownFileType = sourcecode.c.h; path = "UITextField+PlaceHolderColor.h"; sourceTree = "<group>"; };
		6CA447381E25C78F000D2DCF /* UITextField+PlaceHolderColor.m */ = {isa = PBXFileReference; fileEncoding = 4; lastKnownFileType = sourcecode.c.objc; path = "UITextField+PlaceHolderColor.m"; sourceTree = "<group>"; };
		6CA4473F1E25D870000D2DCF /* LSDCollectionCell.h */ = {isa = PBXFileReference; fileEncoding = 4; lastKnownFileType = sourcecode.c.h; path = LSDCollectionCell.h; sourceTree = "<group>"; };
		6CA447401E25D870000D2DCF /* LSDCollectionCell.m */ = {isa = PBXFileReference; fileEncoding = 4; lastKnownFileType = sourcecode.c.objc; path = LSDCollectionCell.m; sourceTree = "<group>"; };
		6CA447411E25D870000D2DCF /* LSDCollectionCell.xib */ = {isa = PBXFileReference; fileEncoding = 4; lastKnownFileType = file.xib; path = LSDCollectionCell.xib; sourceTree = "<group>"; };
		6CA447441E25D9E9000D2DCF /* LSDModuleItem.h */ = {isa = PBXFileReference; fileEncoding = 4; lastKnownFileType = sourcecode.c.h; path = LSDModuleItem.h; sourceTree = "<group>"; };
		6CA447451E25D9E9000D2DCF /* LSDModuleItem.m */ = {isa = PBXFileReference; fileEncoding = 4; lastKnownFileType = sourcecode.c.objc; path = LSDModuleItem.m; sourceTree = "<group>"; };
		6CB88DB11E30B14E00A85E97 /* UIImageView+Extension.h */ = {isa = PBXFileReference; fileEncoding = 4; lastKnownFileType = sourcecode.c.h; path = "UIImageView+Extension.h"; sourceTree = "<group>"; };
		6CB88DB21E30B14E00A85E97 /* UIImageView+Extension.m */ = {isa = PBXFileReference; fileEncoding = 4; lastKnownFileType = sourcecode.c.objc; path = "UIImageView+Extension.m"; sourceTree = "<group>"; };
		6CBBAC7C1E4700D900367E47 /* LSDColumnVideoView.h */ = {isa = PBXFileReference; fileEncoding = 4; lastKnownFileType = sourcecode.c.h; path = LSDColumnVideoView.h; sourceTree = "<group>"; };
		6CBBAC7D1E4700D900367E47 /* LSDColumnVideoView.m */ = {isa = PBXFileReference; fileEncoding = 4; lastKnownFileType = sourcecode.c.objc; path = LSDColumnVideoView.m; sourceTree = "<group>"; };
		6CBBAC7F1E4700E700367E47 /* LSDColumnVideoView.xib */ = {isa = PBXFileReference; fileEncoding = 4; lastKnownFileType = file.xib; path = LSDColumnVideoView.xib; sourceTree = "<group>"; };
		6CBBAC811E47010E00367E47 /* LSDColumnPictureView.h */ = {isa = PBXFileReference; fileEncoding = 4; lastKnownFileType = sourcecode.c.h; path = LSDColumnPictureView.h; sourceTree = "<group>"; };
		6CBBAC821E47010E00367E47 /* LSDColumnPictureView.m */ = {isa = PBXFileReference; fileEncoding = 4; lastKnownFileType = sourcecode.c.objc; path = LSDColumnPictureView.m; sourceTree = "<group>"; };
		6CBBAC841E47011A00367E47 /* LSDColumnPictureView.xib */ = {isa = PBXFileReference; fileEncoding = 4; lastKnownFileType = file.xib; path = LSDColumnPictureView.xib; sourceTree = "<group>"; };
		6CD049361E26168000FFEEEF /* LSDModulesNet.h */ = {isa = PBXFileReference; fileEncoding = 4; lastKnownFileType = sourcecode.c.h; path = LSDModulesNet.h; sourceTree = "<group>"; };
		6CD049371E26168000FFEEEF /* LSDModulesNet.m */ = {isa = PBXFileReference; fileEncoding = 4; lastKnownFileType = sourcecode.c.objc; path = LSDModulesNet.m; sourceTree = "<group>"; };
		6CD049391E2627FA00FFEEEF /* LSDFootView.h */ = {isa = PBXFileReference; fileEncoding = 4; lastKnownFileType = sourcecode.c.h; path = LSDFootView.h; sourceTree = "<group>"; };
		6CD0493A1E2627FB00FFEEEF /* LSDFootView.m */ = {isa = PBXFileReference; fileEncoding = 4; lastKnownFileType = sourcecode.c.objc; path = LSDFootView.m; sourceTree = "<group>"; };
		6CD5BE4A1E33463E009E1CC5 /* LSDColumnSoundView.h */ = {isa = PBXFileReference; fileEncoding = 4; lastKnownFileType = sourcecode.c.h; path = LSDColumnSoundView.h; sourceTree = "<group>"; };
		6CD5BE4B1E33463E009E1CC5 /* LSDColumnSoundView.m */ = {isa = PBXFileReference; fileEncoding = 4; lastKnownFileType = sourcecode.c.objc; path = LSDColumnSoundView.m; sourceTree = "<group>"; };
		6CD5BE4D1E334651009E1CC5 /* LSDColumnSoundView.xib */ = {isa = PBXFileReference; fileEncoding = 4; lastKnownFileType = file.xib; path = LSDColumnSoundView.xib; sourceTree = "<group>"; };
		6CD5BE4F1E3355C9009E1CC5 /* LSDBottomView.h */ = {isa = PBXFileReference; fileEncoding = 4; lastKnownFileType = sourcecode.c.h; path = LSDBottomView.h; sourceTree = "<group>"; };
		6CD5BE501E3355C9009E1CC5 /* LSDBottomView.m */ = {isa = PBXFileReference; fileEncoding = 4; lastKnownFileType = sourcecode.c.objc; path = LSDBottomView.m; sourceTree = "<group>"; };
		6CFC6BCA1E28AD2900F4E5C2 /* LSDAllColumnVC.h */ = {isa = PBXFileReference; fileEncoding = 4; lastKnownFileType = sourcecode.c.h; path = LSDAllColumnVC.h; sourceTree = "<group>"; };
		6CFC6BCB1E28AD2900F4E5C2 /* LSDAllColumnVC.m */ = {isa = PBXFileReference; fileEncoding = 4; lastKnownFileType = sourcecode.c.objc; path = LSDAllColumnVC.m; sourceTree = "<group>"; };
		6CFC6BCD1E28AD3B00F4E5C2 /* LSDVideoVC.h */ = {isa = PBXFileReference; fileEncoding = 4; lastKnownFileType = sourcecode.c.h; path = LSDVideoVC.h; sourceTree = "<group>"; };
		6CFC6BCE1E28AD3B00F4E5C2 /* LSDVideoVC.m */ = {isa = PBXFileReference; fileEncoding = 4; lastKnownFileType = sourcecode.c.objc; path = LSDVideoVC.m; sourceTree = "<group>"; };
		6CFC6BD01E28AD4E00F4E5C2 /* LSDSoundVC.h */ = {isa = PBXFileReference; fileEncoding = 4; lastKnownFileType = sourcecode.c.h; path = LSDSoundVC.h; sourceTree = "<group>"; };
		6CFC6BD11E28AD4E00F4E5C2 /* LSDSoundVC.m */ = {isa = PBXFileReference; fileEncoding = 4; lastKnownFileType = sourcecode.c.objc; path = LSDSoundVC.m; sourceTree = "<group>"; };
		6CFC6BD31E28AD6600F4E5C2 /* LSDPictureVC.h */ = {isa = PBXFileReference; fileEncoding = 4; lastKnownFileType = sourcecode.c.h; path = LSDPictureVC.h; sourceTree = "<group>"; };
		6CFC6BD41E28AD6600F4E5C2 /* LSDPictureVC.m */ = {isa = PBXFileReference; fileEncoding = 4; lastKnownFileType = sourcecode.c.objc; path = LSDPictureVC.m; sourceTree = "<group>"; };
		6CFC6BD61E28AD9600F4E5C2 /* LSDJokesVC.h */ = {isa = PBXFileReference; fileEncoding = 4; lastKnownFileType = sourcecode.c.h; path = LSDJokesVC.h; sourceTree = "<group>"; };
		6CFC6BD71E28AD9600F4E5C2 /* LSDJokesVC.m */ = {isa = PBXFileReference; fileEncoding = 4; lastKnownFileType = sourcecode.c.objc; path = LSDJokesVC.m; sourceTree = "<group>"; };
		6CFF01791E2F3D4000EC7967 /* LSDAllColumnNet.h */ = {isa = PBXFileReference; fileEncoding = 4; lastKnownFileType = sourcecode.c.h; path = LSDAllColumnNet.h; sourceTree = "<group>"; };
		6CFF017A1E2F3D4000EC7967 /* LSDAllColumnNet.m */ = {isa = PBXFileReference; fileEncoding = 4; lastKnownFileType = sourcecode.c.objc; path = LSDAllColumnNet.m; sourceTree = "<group>"; };
		6CFF017C1E2F431D00EC7967 /* LSDAllColumnItem.h */ = {isa = PBXFileReference; fileEncoding = 4; lastKnownFileType = sourcecode.c.h; path = LSDAllColumnItem.h; sourceTree = "<group>"; };
		6CFF017D1E2F431D00EC7967 /* LSDAllColumnItem.m */ = {isa = PBXFileReference; fileEncoding = 4; lastKnownFileType = sourcecode.c.objc; path = LSDAllColumnItem.m; sourceTree = "<group>"; };
/* End PBXFileReference section */

/* Begin PBXFrameworksBuildPhase section */
		6C28BC001E1CC07C00BB6281 /* Frameworks */ = {
			isa = PBXFrameworksBuildPhase;
			buildActionMask = 2147483647;
			files = (
				1C8DA84A5DAC9C1F30E41F4D /* libPods-LSDBuDeJie.a in Frameworks */,
			);
			runOnlyForDeploymentPostprocessing = 0;
		};
		6C28BC191E1CC07C00BB6281 /* Frameworks */ = {
			isa = PBXFrameworksBuildPhase;
			buildActionMask = 2147483647;
			files = (
			);
			runOnlyForDeploymentPostprocessing = 0;
		};
		6C28BC241E1CC07C00BB6281 /* Frameworks */ = {
			isa = PBXFrameworksBuildPhase;
			buildActionMask = 2147483647;
			files = (
			);
			runOnlyForDeploymentPostprocessing = 0;
		};
/* End PBXFrameworksBuildPhase section */

/* Begin PBXGroup section */
		0CF74EE1F9A7216405BC4652 /* Frameworks */ = {
			isa = PBXGroup;
			children = (
				35AD4B7C53995C19DD49228B /* libPods-LSDBuDeJie.a */,
			);
			name = Frameworks;
			sourceTree = "<group>";
		};
		6C28BBFA1E1CC07C00BB6281 = {
			isa = PBXGroup;
			children = (
				6C28BC051E1CC07C00BB6281 /* LSDBuDeJie */,
				6C28BC1F1E1CC07C00BB6281 /* LSDBuDeJieTests */,
				6C28BC2A1E1CC07C00BB6281 /* LSDBuDeJieUITests */,
				6C28BC041E1CC07C00BB6281 /* Products */,
				EBD674950F113E525C8C7C90 /* Pods */,
				0CF74EE1F9A7216405BC4652 /* Frameworks */,
			);
			sourceTree = "<group>";
		};
		6C28BC041E1CC07C00BB6281 /* Products */ = {
			isa = PBXGroup;
			children = (
				6C28BC031E1CC07C00BB6281 /* LSDBuDeJie.app */,
				6C28BC1C1E1CC07C00BB6281 /* LSDBuDeJieTests.xctest */,
				6C28BC271E1CC07C00BB6281 /* LSDBuDeJieUITests.xctest */,
			);
			name = Products;
			sourceTree = "<group>";
		};
		6C28BC051E1CC07C00BB6281 /* LSDBuDeJie */ = {
			isa = PBXGroup;
			children = (
				6C58185F1E233E4500A0BBC9 /* Advertisement(广告) */,
				6C831FF31E1F30C500BBDEDA /* Main(主要) */,
				6C831FEB1E1F30C400BBDEDA /* Essence(精华) */,
				6C8320141E1F320700BBDEDA /* New(新帖) */,
				6C831FFF1E1F30C500BBDEDA /* Publish(发布) */,
				6C831FEF1E1F30C400BBDEDA /* FriendTrend(关注) */,
				6C831FF71E1F30C500BBDEDA /* Me(我) */,
				6C83201E1E1F7AE900BBDEDA /* Setting(设置) */,
				6C831FFB1E1F30C500BBDEDA /* Other */,
				6C58184F1E233D9000A0BBC9 /* Resource(项目资源) */,
				6C28BC0F1E1CC07C00BB6281 /* Main.storyboard */,
				6C28BC121E1CC07C00BB6281 /* Assets.xcassets */,
				6C28BC141E1CC07C00BB6281 /* LaunchScreen.storyboard */,
				6C28BC171E1CC07C00BB6281 /* Info.plist */,
				6C28BC061E1CC07C00BB6281 /* Supporting Files */,
			);
			path = LSDBuDeJie;
			sourceTree = "<group>";
		};
		6C28BC061E1CC07C00BB6281 /* Supporting Files */ = {
			isa = PBXGroup;
			children = (
			);
			name = "Supporting Files";
			sourceTree = "<group>";
		};
		6C28BC1F1E1CC07C00BB6281 /* LSDBuDeJieTests */ = {
			isa = PBXGroup;
			children = (
				6C28BC201E1CC07C00BB6281 /* LSDBuDeJieTests.m */,
				6C28BC221E1CC07C00BB6281 /* Info.plist */,
			);
			path = LSDBuDeJieTests;
			sourceTree = "<group>";
		};
		6C28BC2A1E1CC07C00BB6281 /* LSDBuDeJieUITests */ = {
			isa = PBXGroup;
			children = (
				6C28BC2B1E1CC07C00BB6281 /* LSDBuDeJieUITests.m */,
				6C28BC2D1E1CC07C00BB6281 /* Info.plist */,
			);
			path = LSDBuDeJieUITests;
			sourceTree = "<group>";
		};
		6C58184F1E233D9000A0BBC9 /* Resource(项目资源) */ = {
			isa = PBXGroup;
			children = (
				6C5818501E233DC100A0BBC9 /* 启动图片 */,
			);
			path = "Resource(项目资源)";
			sourceTree = "<group>";
		};
		6C5818501E233DC100A0BBC9 /* 启动图片 */ = {
			isa = PBXGroup;
			children = (
				6C5818511E233DC100A0BBC9 /* LaunchImage-568h@2x.png */,
				6C5818521E233DC100A0BBC9 /* LaunchImage-700-568h@2x.png */,
				6C5818531E233DC100A0BBC9 /* LaunchImage-700@2x.png */,
				6C5818541E233DC100A0BBC9 /* LaunchImage-800-667h@2x.png */,
				6C5818551E233DC100A0BBC9 /* LaunchImage-800-Portrait-736h@3x.png */,
				6C5818561E233DC100A0BBC9 /* LaunchImage.png */,
				6C5818571E233DC100A0BBC9 /* LaunchImage@2x.png */,
			);
			path = "启动图片";
			sourceTree = "<group>";
		};
		6C58185F1E233E4500A0BBC9 /* Advertisement(广告) */ = {
			isa = PBXGroup;
			children = (
				6C5818601E233E4500A0BBC9 /* Controller */,
				6C5818611E233E4500A0BBC9 /* Model */,
				6C5818621E233E4500A0BBC9 /* View */,
				6C5818701E236A0600A0BBC9 /* Net */,
			);
			path = "Advertisement(广告)";
			sourceTree = "<group>";
		};
		6C5818601E233E4500A0BBC9 /* Controller */ = {
			isa = PBXGroup;
			children = (
				6C5818631E233E6E00A0BBC9 /* LSDAdVC.h */,
				6C5818641E233E6E00A0BBC9 /* LSDAdVC.m */,
				6C5818651E233E6E00A0BBC9 /* LSDAdVC.xib */,
			);
			path = Controller;
			sourceTree = "<group>";
		};
		6C5818611E233E4500A0BBC9 /* Model */ = {
			isa = PBXGroup;
			children = (
				6C5818741E236A8C00A0BBC9 /* LSDAdItem.h */,
				6C5818751E236A8C00A0BBC9 /* LSDAdItem.m */,
			);
			path = Model;
			sourceTree = "<group>";
		};
		6C5818621E233E4500A0BBC9 /* View */ = {
			isa = PBXGroup;
			children = (
			);
			path = View;
			sourceTree = "<group>";
		};
		6C5818701E236A0600A0BBC9 /* Net */ = {
			isa = PBXGroup;
			children = (
				6C5818711E236A2500A0BBC9 /* LSDAdNet.h */,
				6C5818721E236A2500A0BBC9 /* LSDAdNet.m */,
			);
			path = Net;
			sourceTree = "<group>";
		};
		6C5818821E23844100A0BBC9 /* Net */ = {
			isa = PBXGroup;
			children = (
				6C5818831E23847100A0BBC9 /* LSDSubTagNet.h */,
				6C5818841E23847100A0BBC9 /* LSDSubTagNet.m */,
			);
			path = Net;
			sourceTree = "<group>";
		};
		6C585B261E28691300FA76FF /* Tool */ = {
			isa = PBXGroup;
			children = (
				6C74DC251E52941A00E2A9A7 /* LSDAssetTool.h */,
				6C74DC261E52941A00E2A9A7 /* LSDAssetTool.m */,
				6C585B271E28691300FA76FF /* LSDBaseNetTool.h */,
				6C585B281E28691300FA76FF /* LSDBaseNetTool.m */,
				6C585B291E28691300FA76FF /* LSDFileTool.h */,
				6C585B2A1E28691300FA76FF /* LSDFileTool.m */,
			);
			path = Tool;
			sourceTree = "<group>";
		};
		6C831FEB1E1F30C400BBDEDA /* Essence(精华) */ = {
			isa = PBXGroup;
			children = (
				6C831FEC1E1F30C400BBDEDA /* Controller */,
				6C831FED1E1F30C400BBDEDA /* Model */,
				6C831FEE1E1F30C400BBDEDA /* View */,
				6CFF01781E2F3D0000EC7967 /* Net */,
			);
			path = "Essence(精华)";
			sourceTree = "<group>";
		};
		6C831FEC1E1F30C400BBDEDA /* Controller */ = {
			isa = PBXGroup;
			children = (
				6C83200E1E1F317900BBDEDA /* LSDEssenceVC.h */,
				6C83200F1E1F317900BBDEDA /* LSDEssenceVC.m */,
				6CFC6BCA1E28AD2900F4E5C2 /* LSDAllColumnVC.h */,
				6CFC6BCB1E28AD2900F4E5C2 /* LSDAllColumnVC.m */,
				6CFC6BCD1E28AD3B00F4E5C2 /* LSDVideoVC.h */,
				6CFC6BCE1E28AD3B00F4E5C2 /* LSDVideoVC.m */,
				6CFC6BD01E28AD4E00F4E5C2 /* LSDSoundVC.h */,
				6CFC6BD11E28AD4E00F4E5C2 /* LSDSoundVC.m */,
				6CFC6BD31E28AD6600F4E5C2 /* LSDPictureVC.h */,
				6CFC6BD41E28AD6600F4E5C2 /* LSDPictureVC.m */,
				6CFC6BD61E28AD9600F4E5C2 /* LSDJokesVC.h */,
				6CFC6BD71E28AD9600F4E5C2 /* LSDJokesVC.m */,
				6C600D9C1E3305E100E05C30 /* LSDCommentUserVC.h */,
				6C600D9D1E3305E100E05C30 /* LSDCommentUserVC.m */,
				6C9404C91E4D559900BB8CAC /* LSDSeeBigPictureVC.h */,
				6C9404CA1E4D559900BB8CAC /* LSDSeeBigPictureVC.m */,
			);
			path = Controller;
			sourceTree = "<group>";
		};
		6C831FED1E1F30C400BBDEDA /* Model */ = {
			isa = PBXGroup;
			children = (
				6CFF017C1E2F431D00EC7967 /* LSDAllColumnItem.h */,
				6CFF017D1E2F431D00EC7967 /* LSDAllColumnItem.m */,
				6C10A87A1E31DFD400456658 /* LSDCommentItem.h */,
				6C10A87B1E31DFD400456658 /* LSDCommentItem.m */,
				6C10A87D1E31E02200456658 /* LSDUser.h */,
				6C10A87E1E31E02200456658 /* LSDUser.m */,
			);
			path = Model;
			sourceTree = "<group>";
		};
		6C831FEE1E1F30C400BBDEDA /* View */ = {
			isa = PBXGroup;
			children = (
				6C585B2D1E28759700FA76FF /* LSDTitleView.h */,
				6C585B2E1E28759700FA76FF /* LSDTitleView.m */,
				6C55EE341E2DC5C800556DB5 /* LSDRefreshFootView.h */,
				6C55EE351E2DC5C800556DB5 /* LSDRefreshFootView.m */,
				6C55EE371E2DF11F00556DB5 /* LSDRefreshHeadView.h */,
				6C55EE381E2DF11F00556DB5 /* LSDRefreshHeadView.m */,
				6C86C9CC1E308FE3004EA1FB /* LSDColumnCell.h */,
				6C86C9CD1E308FE3004EA1FB /* LSDColumnCell.m */,
				6C86C9CE1E308FE3004EA1FB /* LSDColumnCell.xib */,
				6CD5BE4F1E3355C9009E1CC5 /* LSDBottomView.h */,
				6CD5BE501E3355C9009E1CC5 /* LSDBottomView.m */,
				6CD5BE4A1E33463E009E1CC5 /* LSDColumnSoundView.h */,
				6CD5BE4B1E33463E009E1CC5 /* LSDColumnSoundView.m */,
				6CD5BE4D1E334651009E1CC5 /* LSDColumnSoundView.xib */,
				6CBBAC7C1E4700D900367E47 /* LSDColumnVideoView.h */,
				6CBBAC7D1E4700D900367E47 /* LSDColumnVideoView.m */,
				6CBBAC7F1E4700E700367E47 /* LSDColumnVideoView.xib */,
				6CBBAC811E47010E00367E47 /* LSDColumnPictureView.h */,
				6CBBAC821E47010E00367E47 /* LSDColumnPictureView.m */,
				6CBBAC841E47011A00367E47 /* LSDColumnPictureView.xib */,
			);
			path = View;
			sourceTree = "<group>";
		};
		6C831FEF1E1F30C400BBDEDA /* FriendTrend(关注) */ = {
			isa = PBXGroup;
			children = (
				6C831FF01E1F30C400BBDEDA /* Controller */,
				6C831FF11E1F30C400BBDEDA /* Model */,
				6C831FF21E1F30C400BBDEDA /* View */,
			);
			path = "FriendTrend(关注)";
			sourceTree = "<group>";
		};
		6C831FF01E1F30C400BBDEDA /* Controller */ = {
			isa = PBXGroup;
			children = (
				6C83200B1E1F316200BBDEDA /* LSDFriendTrendVC.h */,
				6C83200C1E1F316200BBDEDA /* LSDFriendTrendVC.m */,
				6CA03AA01E248E7B00E768F1 /* LSDLoginVC.h */,
				6CA03AA11E248E7B00E768F1 /* LSDLoginVC.m */,
			);
			path = Controller;
			sourceTree = "<group>";
		};
		6C831FF11E1F30C400BBDEDA /* Model */ = {
			isa = PBXGroup;
			children = (
			);
			path = Model;
			sourceTree = "<group>";
		};
		6C831FF21E1F30C400BBDEDA /* View */ = {
			isa = PBXGroup;
			children = (
				6C7EEC621E24CDEF0058875D /* LSDFastLoginView.h */,
				6C7EEC631E24CDEF0058875D /* LSDFastLoginView.m */,
				6C7EEC651E24CE060058875D /* LSDFastLoginView.xib */,
				6C7EEC671E24D20C0058875D /* LSDButton.h */,
				6C7EEC681E24D20C0058875D /* LSDButton.m */,
				6CA447341E25C1DA000D2DCF /* LSDTextField.h */,
				6CA447351E25C1DA000D2DCF /* LSDTextField.m */,
				6C7EEC6A1E24D4940058875D /* LSDLoginRegistView.h */,
				6C7EEC6B1E24D4940058875D /* LSDLoginRegistView.m */,
				6C7EEC6D1E24D4B60058875D /* LSDLoginRegistView.xib */,
			);
			path = View;
			sourceTree = "<group>";
		};
		6C831FF31E1F30C500BBDEDA /* Main(主要) */ = {
			isa = PBXGroup;
			children = (
				6C831FF41E1F30C500BBDEDA /* Controller */,
				6C831FF51E1F30C500BBDEDA /* Model */,
				6C831FF61E1F30C500BBDEDA /* View */,
			);
			path = "Main(主要)";
			sourceTree = "<group>";
		};
		6C831FF41E1F30C500BBDEDA /* Controller */ = {
			isa = PBXGroup;
			children = (
				6C8320051E1F30F500BBDEDA /* LSDTabBarVC.h */,
				6C8320061E1F30F500BBDEDA /* LSDTabBarVC.m */,
				6C8320271E1F81FE00BBDEDA /* LSDNavigationVC.h */,
				6C8320281E1F81FE00BBDEDA /* LSDNavigationVC.m */,
			);
			path = Controller;
			sourceTree = "<group>";
		};
		6C831FF51E1F30C500BBDEDA /* Model */ = {
			isa = PBXGroup;
			children = (
			);
			path = Model;
			sourceTree = "<group>";
		};
		6C831FF61E1F30C500BBDEDA /* View */ = {
			isa = PBXGroup;
			children = (
				6C83201B1E1F79CB00BBDEDA /* LSDTabBar.h */,
				6C83201C1E1F79CB00BBDEDA /* LSDTabBar.m */,
			);
			path = View;
			sourceTree = "<group>";
		};
		6C831FF71E1F30C500BBDEDA /* Me(我) */ = {
			isa = PBXGroup;
			children = (
				6C831FF81E1F30C500BBDEDA /* Controller */,
				6C831FF91E1F30C500BBDEDA /* Model */,
				6C831FFA1E1F30C500BBDEDA /* View */,
				6CD049351E26164A00FFEEEF /* Net */,
			);
			path = "Me(我)";
			sourceTree = "<group>";
		};
		6C831FF81E1F30C500BBDEDA /* Controller */ = {
			isa = PBXGroup;
			children = (
				6C8320081E1F313B00BBDEDA /* LSDMeVC.h */,
				6C8320091E1F313B00BBDEDA /* LSDMeVC.m */,
				6C80117C1E271EC4002B7EFC /* LSDWebViewVC.h */,
				6C80117D1E271EC4002B7EFC /* LSDWebViewVC.m */,
			);
			path = Controller;
			sourceTree = "<group>";
		};
		6C831FF91E1F30C500BBDEDA /* Model */ = {
			isa = PBXGroup;
			children = (
				6CA447441E25D9E9000D2DCF /* LSDModuleItem.h */,
				6CA447451E25D9E9000D2DCF /* LSDModuleItem.m */,
			);
			path = Model;
			sourceTree = "<group>";
		};
		6C831FFA1E1F30C500BBDEDA /* View */ = {
			isa = PBXGroup;
			children = (
				6CA4473F1E25D870000D2DCF /* LSDCollectionCell.h */,
				6CA447401E25D870000D2DCF /* LSDCollectionCell.m */,
				6CA447411E25D870000D2DCF /* LSDCollectionCell.xib */,
				6CD049391E2627FA00FFEEEF /* LSDFootView.h */,
				6CD0493A1E2627FB00FFEEEF /* LSDFootView.m */,
			);
			path = View;
			sourceTree = "<group>";
		};
		6C831FFB1E1F30C500BBDEDA /* Other */ = {
			isa = PBXGroup;
			children = (
				6C585B261E28691300FA76FF /* Tool */,
				6C8320221E1F7AF700BBDEDA /* category */,
				6C831FFC1E1F30C500BBDEDA /* AppDelegate.h */,
				6C831FFD1E1F30C500BBDEDA /* AppDelegate.m */,
				6C831FFE1E1F30C500BBDEDA /* main.m */,
				6C8320261E1F7C6100BBDEDA /* LSDBuDeJie.pch */,
				6C5818681E23544C00A0BBC9 /* LSDMarch.h */,
				6C5818691E23560400A0BBC9 /* LSDConst.h */,
				6C58186A1E23560400A0BBC9 /* LSDConst.m */,
			);
			path = Other;
			sourceTree = "<group>";
		};
		6C831FFF1E1F30C500BBDEDA /* Publish(发布) */ = {
			isa = PBXGroup;
			children = (
				6C8320001E1F30C500BBDEDA /* Controller */,
				6C8320011E1F30C500BBDEDA /* Model */,
				6C8320021E1F30C500BBDEDA /* View */,
			);
			path = "Publish(发布)";
			sourceTree = "<group>";
		};
		6C8320001E1F30C500BBDEDA /* Controller */ = {
			isa = PBXGroup;
			children = (
				6C8320111E1F319200BBDEDA /* LSDPublishVC.h */,
				6C8320121E1F319200BBDEDA /* LSDPublishVC.m */,
			);
			path = Controller;
			sourceTree = "<group>";
		};
		6C8320011E1F30C500BBDEDA /* Model */ = {
			isa = PBXGroup;
			children = (
			);
			path = Model;
			sourceTree = "<group>";
		};
		6C8320021E1F30C500BBDEDA /* View */ = {
			isa = PBXGroup;
			children = (
			);
			path = View;
			sourceTree = "<group>";
		};
		6C8320141E1F320700BBDEDA /* New(新帖) */ = {
			isa = PBXGroup;
			children = (
				6C8320151E1F320700BBDEDA /* Controller */,
				6C8320161E1F320700BBDEDA /* Model */,
				6C8320171E1F320700BBDEDA /* View */,
				6C5818821E23844100A0BBC9 /* Net */,
			);
			path = "New(新帖)";
			sourceTree = "<group>";
		};
		6C8320151E1F320700BBDEDA /* Controller */ = {
			isa = PBXGroup;
			children = (
				6C8320181E1F322600BBDEDA /* LSDNewVC.h */,
				6C8320191E1F322600BBDEDA /* LSDNewVC.m */,
				6C5818771E237EDA00A0BBC9 /* LSDSubTagVC.h */,
				6C5818781E237EDA00A0BBC9 /* LSDSubTagVC.m */,
			);
			path = Controller;
			sourceTree = "<group>";
		};
		6C8320161E1F320700BBDEDA /* Model */ = {
			isa = PBXGroup;
			children = (
				6C58187F1E237F7900A0BBC9 /* LSDSubTagItem.h */,
				6C5818801E237F7900A0BBC9 /* LSDSubTagItem.m */,
			);
			path = Model;
			sourceTree = "<group>";
		};
		6C8320171E1F320700BBDEDA /* View */ = {
			isa = PBXGroup;
			children = (
				6C58187A1E237F5700A0BBC9 /* LSDSubTagCell.h */,
				6C58187B1E237F5700A0BBC9 /* LSDSubTagCell.m */,
				6C58187C1E237F5700A0BBC9 /* LSDSubTagCell.xib */,
			);
			path = View;
			sourceTree = "<group>";
		};
		6C83201E1E1F7AE900BBDEDA /* Setting(设置) */ = {
			isa = PBXGroup;
			children = (
				6C83201F1E1F7AE900BBDEDA /* Controller */,
				6C8320201E1F7AE900BBDEDA /* Model */,
				6C8320211E1F7AE900BBDEDA /* View */,
			);
			path = "Setting(设置)";
			sourceTree = "<group>";
		};
		6C83201F1E1F7AE900BBDEDA /* Controller */ = {
			isa = PBXGroup;
			children = (
				6C83202D1E1F8BF800BBDEDA /* LSDSettingVC.h */,
				6C83202E1E1F8BF800BBDEDA /* LSDSettingVC.m */,
			);
			path = Controller;
			sourceTree = "<group>";
		};
		6C8320201E1F7AE900BBDEDA /* Model */ = {
			isa = PBXGroup;
			children = (
			);
			path = Model;
			sourceTree = "<group>";
		};
		6C8320211E1F7AE900BBDEDA /* View */ = {
			isa = PBXGroup;
			children = (
				6C05CF2B1E2778AD005DB676 /* LSDMsgAlertView.h */,
				6C05CF2C1E2778AD005DB676 /* LSDMsgAlertView.m */,
				6C80117F1E274F2B002B7EFC /* LSDSectionHeadView.h */,
				6C8011801E274F2B002B7EFC /* LSDSectionHeadView.m */,
				6C8011821E274F52002B7EFC /* LSDSectionHeadView.xib */,
			);
			path = View;
			sourceTree = "<group>";
		};
		6C8320221E1F7AF700BBDEDA /* category */ = {
			isa = PBXGroup;
			children = (
				6C8320231E1F7B1C00BBDEDA /* UIView+Frame.h */,
				6C8320241E1F7B1C00BBDEDA /* UIView+Frame.m */,
				6C83202A1E1F872300BBDEDA /* UIBarButtonItem+Item.h */,
				6C83202B1E1F872300BBDEDA /* UIBarButtonItem+Item.m */,
				6CA03A9D1E248B3C00E768F1 /* UIStoryboard+VC.h */,
				6CA03A9E1E248B3C00E768F1 /* UIStoryboard+VC.m */,
				6CA447371E25C78F000D2DCF /* UITextField+PlaceHolderColor.h */,
				6CA447381E25C78F000D2DCF /* UITextField+PlaceHolderColor.m */,
				6C05CF281E276A71005DB676 /* NSString+Extension.h */,
				6C05CF291E276A71005DB676 /* NSString+Extension.m */,
				6CB88DB11E30B14E00A85E97 /* UIImageView+Extension.h */,
				6CB88DB21E30B14E00A85E97 /* UIImageView+Extension.m */,
			);
			path = category;
			sourceTree = "<group>";
		};
		6CD049351E26164A00FFEEEF /* Net */ = {
			isa = PBXGroup;
			children = (
				6CD049361E26168000FFEEEF /* LSDModulesNet.h */,
				6CD049371E26168000FFEEEF /* LSDModulesNet.m */,
			);
			path = Net;
			sourceTree = "<group>";
		};
		6CFF01781E2F3D0000EC7967 /* Net */ = {
			isa = PBXGroup;
			children = (
				6CFF01791E2F3D4000EC7967 /* LSDAllColumnNet.h */,
				6CFF017A1E2F3D4000EC7967 /* LSDAllColumnNet.m */,
			);
			path = Net;
			sourceTree = "<group>";
		};
		EBD674950F113E525C8C7C90 /* Pods */ = {
			isa = PBXGroup;
			children = (
				533132B75CAF9C00C03BE45C /* Pods-LSDBuDeJie.debug.xcconfig */,
				6121EF2147CB3625C9A3DA86 /* Pods-LSDBuDeJie.release.xcconfig */,
			);
			name = Pods;
			sourceTree = "<group>";
		};
/* End PBXGroup section */

/* Begin PBXNativeTarget section */
		6C28BC021E1CC07C00BB6281 /* LSDBuDeJie */ = {
			isa = PBXNativeTarget;
			buildConfigurationList = 6C28BC301E1CC07C00BB6281 /* Build configuration list for PBXNativeTarget "LSDBuDeJie" */;
			buildPhases = (
				7E97BFCE6400E13116DB7C29 /* [CP] Check Pods Manifest.lock */,
				6C28BBFF1E1CC07C00BB6281 /* Sources */,
				6C28BC001E1CC07C00BB6281 /* Frameworks */,
				6C28BC011E1CC07C00BB6281 /* Resources */,
				BBD252711E39660EF55FC947 /* [CP] Embed Pods Frameworks */,
				E33F872C21A5BB8CE8C3E860 /* [CP] Copy Pods Resources */,
			);
			buildRules = (
			);
			dependencies = (
			);
			name = LSDBuDeJie;
			productName = LSDBuDeJie;
			productReference = 6C28BC031E1CC07C00BB6281 /* LSDBuDeJie.app */;
			productType = "com.apple.product-type.application";
		};
		6C28BC1B1E1CC07C00BB6281 /* LSDBuDeJieTests */ = {
			isa = PBXNativeTarget;
			buildConfigurationList = 6C28BC331E1CC07C00BB6281 /* Build configuration list for PBXNativeTarget "LSDBuDeJieTests" */;
			buildPhases = (
				6C28BC181E1CC07C00BB6281 /* Sources */,
				6C28BC191E1CC07C00BB6281 /* Frameworks */,
				6C28BC1A1E1CC07C00BB6281 /* Resources */,
			);
			buildRules = (
			);
			dependencies = (
				6C28BC1E1E1CC07C00BB6281 /* PBXTargetDependency */,
			);
			name = LSDBuDeJieTests;
			productName = LSDBuDeJieTests;
			productReference = 6C28BC1C1E1CC07C00BB6281 /* LSDBuDeJieTests.xctest */;
			productType = "com.apple.product-type.bundle.unit-test";
		};
		6C28BC261E1CC07C00BB6281 /* LSDBuDeJieUITests */ = {
			isa = PBXNativeTarget;
			buildConfigurationList = 6C28BC361E1CC07C00BB6281 /* Build configuration list for PBXNativeTarget "LSDBuDeJieUITests" */;
			buildPhases = (
				6C28BC231E1CC07C00BB6281 /* Sources */,
				6C28BC241E1CC07C00BB6281 /* Frameworks */,
				6C28BC251E1CC07C00BB6281 /* Resources */,
			);
			buildRules = (
			);
			dependencies = (
				6C28BC291E1CC07C00BB6281 /* PBXTargetDependency */,
			);
			name = LSDBuDeJieUITests;
			productName = LSDBuDeJieUITests;
			productReference = 6C28BC271E1CC07C00BB6281 /* LSDBuDeJieUITests.xctest */;
			productType = "com.apple.product-type.bundle.ui-testing";
		};
/* End PBXNativeTarget section */

/* Begin PBXProject section */
		6C28BBFB1E1CC07C00BB6281 /* Project object */ = {
			isa = PBXProject;
			attributes = {
				LastUpgradeCheck = 0800;
				ORGANIZATIONNAME = SelenaWong;
				TargetAttributes = {
					6C28BC021E1CC07C00BB6281 = {
						CreatedOnToolsVersion = 8.0;
						DevelopmentTeam = 392TQSX9ET;
						ProvisioningStyle = Automatic;
					};
					6C28BC1B1E1CC07C00BB6281 = {
						CreatedOnToolsVersion = 8.0;
						ProvisioningStyle = Automatic;
						TestTargetID = 6C28BC021E1CC07C00BB6281;
					};
					6C28BC261E1CC07C00BB6281 = {
						CreatedOnToolsVersion = 8.0;
						ProvisioningStyle = Automatic;
						TestTargetID = 6C28BC021E1CC07C00BB6281;
					};
				};
			};
			buildConfigurationList = 6C28BBFE1E1CC07C00BB6281 /* Build configuration list for PBXProject "LSDBuDeJie" */;
			compatibilityVersion = "Xcode 3.2";
			developmentRegion = English;
			hasScannedForEncodings = 0;
			knownRegions = (
				en,
				Base,
			);
			mainGroup = 6C28BBFA1E1CC07C00BB6281;
			productRefGroup = 6C28BC041E1CC07C00BB6281 /* Products */;
			projectDirPath = "";
			projectRoot = "";
			targets = (
				6C28BC021E1CC07C00BB6281 /* LSDBuDeJie */,
				6C28BC1B1E1CC07C00BB6281 /* LSDBuDeJieTests */,
				6C28BC261E1CC07C00BB6281 /* LSDBuDeJieUITests */,
			);
		};
/* End PBXProject section */

/* Begin PBXResourcesBuildPhase section */
		6C28BC011E1CC07C00BB6281 /* Resources */ = {
			isa = PBXResourcesBuildPhase;
			buildActionMask = 2147483647;
			files = (
				6C28BC161E1CC07C00BB6281 /* LaunchScreen.storyboard in Resources */,
				6C86C9D01E308FE3004EA1FB /* LSDColumnCell.xib in Resources */,
				6C5818591E233DC100A0BBC9 /* LaunchImage-700-568h@2x.png in Resources */,
				6C58185D1E233DC100A0BBC9 /* LaunchImage.png in Resources */,
				6C58187E1E237F5700A0BBC9 /* LSDSubTagCell.xib in Resources */,
				6CBBAC851E47011A00367E47 /* LSDColumnPictureView.xib in Resources */,
				6C28BC131E1CC07C00BB6281 /* Assets.xcassets in Resources */,
				6CA447431E25D870000D2DCF /* LSDCollectionCell.xib in Resources */,
				6C58185A1E233DC100A0BBC9 /* LaunchImage-700@2x.png in Resources */,
				6C58185C1E233DC100A0BBC9 /* LaunchImage-800-Portrait-736h@3x.png in Resources */,
				6C7EEC661E24CE060058875D /* LSDFastLoginView.xib in Resources */,
				6C5818581E233DC100A0BBC9 /* LaunchImage-568h@2x.png in Resources */,
				6C58185B1E233DC100A0BBC9 /* LaunchImage-800-667h@2x.png in Resources */,
				6C5818671E233E6E00A0BBC9 /* LSDAdVC.xib in Resources */,
				6C8011831E274F52002B7EFC /* LSDSectionHeadView.xib in Resources */,
				6CBBAC801E4700E700367E47 /* LSDColumnVideoView.xib in Resources */,
				6C28BC111E1CC07C00BB6281 /* Main.storyboard in Resources */,
				6C7EEC6E1E24D4B60058875D /* LSDLoginRegistView.xib in Resources */,
				6CD5BE4E1E334651009E1CC5 /* LSDColumnSoundView.xib in Resources */,
				6C58185E1E233DC100A0BBC9 /* LaunchImage@2x.png in Resources */,
			);
			runOnlyForDeploymentPostprocessing = 0;
		};
		6C28BC1A1E1CC07C00BB6281 /* Resources */ = {
			isa = PBXResourcesBuildPhase;
			buildActionMask = 2147483647;
			files = (
			);
			runOnlyForDeploymentPostprocessing = 0;
		};
		6C28BC251E1CC07C00BB6281 /* Resources */ = {
			isa = PBXResourcesBuildPhase;
			buildActionMask = 2147483647;
			files = (
			);
			runOnlyForDeploymentPostprocessing = 0;
		};
/* End PBXResourcesBuildPhase section */

/* Begin PBXShellScriptBuildPhase section */
		7E97BFCE6400E13116DB7C29 /* [CP] Check Pods Manifest.lock */ = {
			isa = PBXShellScriptBuildPhase;
			buildActionMask = 2147483647;
			files = (
			);
			inputPaths = (
			);
			name = "[CP] Check Pods Manifest.lock";
			outputPaths = (
			);
			runOnlyForDeploymentPostprocessing = 0;
			shellPath = /bin/sh;
			shellScript = "diff \"${PODS_ROOT}/../Podfile.lock\" \"${PODS_ROOT}/Manifest.lock\" > /dev/null\nif [ $? != 0 ] ; then\n    # print error to STDERR\n    echo \"error: The sandbox is not in sync with the Podfile.lock. Run 'pod install' or update your CocoaPods installation.\" >&2\n    exit 1\nfi\n";
			showEnvVarsInLog = 0;
		};
		BBD252711E39660EF55FC947 /* [CP] Embed Pods Frameworks */ = {
			isa = PBXShellScriptBuildPhase;
			buildActionMask = 2147483647;
			files = (
			);
			inputPaths = (
			);
			name = "[CP] Embed Pods Frameworks";
			outputPaths = (
			);
			runOnlyForDeploymentPostprocessing = 0;
			shellPath = /bin/sh;
			shellScript = "\"${SRCROOT}/Pods/Target Support Files/Pods-LSDBuDeJie/Pods-LSDBuDeJie-frameworks.sh\"\n";
			showEnvVarsInLog = 0;
		};
		E33F872C21A5BB8CE8C3E860 /* [CP] Copy Pods Resources */ = {
			isa = PBXShellScriptBuildPhase;
			buildActionMask = 2147483647;
			files = (
			);
			inputPaths = (
			);
			name = "[CP] Copy Pods Resources";
			outputPaths = (
			);
			runOnlyForDeploymentPostprocessing = 0;
			shellPath = /bin/sh;
			shellScript = "\"${SRCROOT}/Pods/Target Support Files/Pods-LSDBuDeJie/Pods-LSDBuDeJie-resources.sh\"\n";
			showEnvVarsInLog = 0;
		};
/* End PBXShellScriptBuildPhase section */

/* Begin PBXSourcesBuildPhase section */
		6C28BBFF1E1CC07C00BB6281 /* Sources */ = {
			isa = PBXSourcesBuildPhase;
			buildActionMask = 2147483647;
			files = (
				6C5818791E237EDA00A0BBC9 /* LSDSubTagVC.m in Sources */,
				6CFF017B1E2F3D4000EC7967 /* LSDAllColumnNet.m in Sources */,
				6CD5BE511E3355C9009E1CC5 /* LSDBottomView.m in Sources */,
				6C10A87F1E31E02200456658 /* LSDUser.m in Sources */,
				6CA447361E25C1DA000D2DCF /* LSDTextField.m in Sources */,
				6CA447461E25D9E9000D2DCF /* LSDModuleItem.m in Sources */,
				6C83200D1E1F316200BBDEDA /* LSDFriendTrendVC.m in Sources */,
				6C83202C1E1F872300BBDEDA /* UIBarButtonItem+Item.m in Sources */,
				6C8320291E1F81FE00BBDEDA /* LSDNavigationVC.m in Sources */,
				6CA03AA21E248E7B00E768F1 /* LSDLoginVC.m in Sources */,
				6C05CF2A1E276A71005DB676 /* NSString+Extension.m in Sources */,
				6CFC6BD21E28AD4E00F4E5C2 /* LSDSoundVC.m in Sources */,
				6C7EEC691E24D20C0058875D /* LSDButton.m in Sources */,
				6C55EE391E2DF11F00556DB5 /* LSDRefreshHeadView.m in Sources */,
				6C9404CB1E4D559900BB8CAC /* LSDSeeBigPictureVC.m in Sources */,
				6C10A87C1E31DFD400456658 /* LSDCommentItem.m in Sources */,
				6C8320131E1F319200BBDEDA /* LSDPublishVC.m in Sources */,
				6CD049381E26168000FFEEEF /* LSDModulesNet.m in Sources */,
				6C83201D1E1F79CB00BBDEDA /* LSDTabBar.m in Sources */,
				6C5818761E236A8C00A0BBC9 /* LSDAdItem.m in Sources */,
				6C58187D1E237F5700A0BBC9 /* LSDSubTagCell.m in Sources */,
				6CFC6BCC1E28AD2900F4E5C2 /* LSDAllColumnVC.m in Sources */,
				6CD5BE4C1E33463E009E1CC5 /* LSDColumnSoundView.m in Sources */,
				6C7EEC641E24CDEF0058875D /* LSDFastLoginView.m in Sources */,
				6C8320041E1F30C500BBDEDA /* main.m in Sources */,
				6C83202F1E1F8BF800BBDEDA /* LSDSettingVC.m in Sources */,
				6CFC6BD51E28AD6600F4E5C2 /* LSDPictureVC.m in Sources */,
				6C585B2B1E28691300FA76FF /* LSDBaseNetTool.m in Sources */,
				6C80117E1E271EC4002B7EFC /* LSDWebViewVC.m in Sources */,
				6C585B2C1E28691300FA76FF /* LSDFileTool.m in Sources */,
				6C83201A1E1F322600BBDEDA /* LSDNewVC.m in Sources */,
				6CA447421E25D870000D2DCF /* LSDCollectionCell.m in Sources */,
				6C7EEC6C1E24D4940058875D /* LSDLoginRegistView.m in Sources */,
				6C74DC271E52941A00E2A9A7 /* LSDAssetTool.m in Sources */,
				6C86C9CF1E308FE3004EA1FB /* LSDColumnCell.m in Sources */,
				6CBBAC831E47010E00367E47 /* LSDColumnPictureView.m in Sources */,
				6C600D9E1E3305E100E05C30 /* LSDCommentUserVC.m in Sources */,
				6C5818851E23847100A0BBC9 /* LSDSubTagNet.m in Sources */,
				6C8320071E1F30F500BBDEDA /* LSDTabBarVC.m in Sources */,
				6C5818731E236A2500A0BBC9 /* LSDAdNet.m in Sources */,
				6C83200A1E1F313B00BBDEDA /* LSDMeVC.m in Sources */,
				6C585B2F1E28759700FA76FF /* LSDTitleView.m in Sources */,
				6CB88DB31E30B14E00A85E97 /* UIImageView+Extension.m in Sources */,
				6CFC6BCF1E28AD3B00F4E5C2 /* LSDVideoVC.m in Sources */,
				6C55EE361E2DC5C800556DB5 /* LSDRefreshFootView.m in Sources */,
				6CBBAC7E1E4700D900367E47 /* LSDColumnVideoView.m in Sources */,
				6C8320031E1F30C500BBDEDA /* AppDelegate.m in Sources */,
				6C05CF2D1E2778AD005DB676 /* LSDMsgAlertView.m in Sources */,
				6C58186B1E23560400A0BBC9 /* LSDConst.m in Sources */,
				6CFF017E1E2F431D00EC7967 /* LSDAllColumnItem.m in Sources */,
				6C5818811E237F7900A0BBC9 /* LSDSubTagItem.m in Sources */,
				6CD0493B1E2627FB00FFEEEF /* LSDFootView.m in Sources */,
				6C5818661E233E6E00A0BBC9 /* LSDAdVC.m in Sources */,
				6C8320251E1F7B1C00BBDEDA /* UIView+Frame.m in Sources */,
				6CFC6BD81E28AD9600F4E5C2 /* LSDJokesVC.m in Sources */,
				6CA03A9F1E248B3C00E768F1 /* UIStoryboard+VC.m in Sources */,
				6C8011811E274F2B002B7EFC /* LSDSectionHeadView.m in Sources */,
				6C8320101E1F317900BBDEDA /* LSDEssenceVC.m in Sources */,
				6CA447391E25C78F000D2DCF /* UITextField+PlaceHolderColor.m in Sources */,
			);
			runOnlyForDeploymentPostprocessing = 0;
		};
		6C28BC181E1CC07C00BB6281 /* Sources */ = {
			isa = PBXSourcesBuildPhase;
			buildActionMask = 2147483647;
			files = (
				6C28BC211E1CC07C00BB6281 /* LSDBuDeJieTests.m in Sources */,
			);
			runOnlyForDeploymentPostprocessing = 0;
		};
		6C28BC231E1CC07C00BB6281 /* Sources */ = {
			isa = PBXSourcesBuildPhase;
			buildActionMask = 2147483647;
			files = (
				6C28BC2C1E1CC07C00BB6281 /* LSDBuDeJieUITests.m in Sources */,
			);
			runOnlyForDeploymentPostprocessing = 0;
		};
/* End PBXSourcesBuildPhase section */

/* Begin PBXTargetDependency section */
		6C28BC1E1E1CC07C00BB6281 /* PBXTargetDependency */ = {
			isa = PBXTargetDependency;
			target = 6C28BC021E1CC07C00BB6281 /* LSDBuDeJie */;
			targetProxy = 6C28BC1D1E1CC07C00BB6281 /* PBXContainerItemProxy */;
		};
		6C28BC291E1CC07C00BB6281 /* PBXTargetDependency */ = {
			isa = PBXTargetDependency;
			target = 6C28BC021E1CC07C00BB6281 /* LSDBuDeJie */;
			targetProxy = 6C28BC281E1CC07C00BB6281 /* PBXContainerItemProxy */;
		};
/* End PBXTargetDependency section */

/* Begin PBXVariantGroup section */
		6C28BC0F1E1CC07C00BB6281 /* Main.storyboard */ = {
			isa = PBXVariantGroup;
			children = (
				6C28BC101E1CC07C00BB6281 /* Base */,
			);
			name = Main.storyboard;
			sourceTree = "<group>";
		};
		6C28BC141E1CC07C00BB6281 /* LaunchScreen.storyboard */ = {
			isa = PBXVariantGroup;
			children = (
				6C28BC151E1CC07C00BB6281 /* Base */,
			);
			name = LaunchScreen.storyboard;
			sourceTree = "<group>";
		};
/* End PBXVariantGroup section */

/* Begin XCBuildConfiguration section */
		6C28BC2E1E1CC07C00BB6281 /* Debug */ = {
			isa = XCBuildConfiguration;
			buildSettings = {
				ALWAYS_SEARCH_USER_PATHS = NO;
				CLANG_ANALYZER_NONNULL = YES;
				CLANG_CXX_LANGUAGE_STANDARD = "gnu++0x";
				CLANG_CXX_LIBRARY = "libc++";
				CLANG_ENABLE_MODULES = YES;
				CLANG_ENABLE_OBJC_ARC = YES;
				CLANG_WARN_BOOL_CONVERSION = YES;
				CLANG_WARN_CONSTANT_CONVERSION = YES;
				CLANG_WARN_DIRECT_OBJC_ISA_USAGE = YES_ERROR;
				CLANG_WARN_DOCUMENTATION_COMMENTS = YES;
				CLANG_WARN_EMPTY_BODY = YES;
				CLANG_WARN_ENUM_CONVERSION = YES;
				CLANG_WARN_INFINITE_RECURSION = YES;
				CLANG_WARN_INT_CONVERSION = YES;
				CLANG_WARN_OBJC_ROOT_CLASS = YES_ERROR;
				CLANG_WARN_SUSPICIOUS_MOVES = YES;
				CLANG_WARN_UNREACHABLE_CODE = YES;
				CLANG_WARN__DUPLICATE_METHOD_MATCH = YES;
				"CODE_SIGN_IDENTITY[sdk=iphoneos*]" = "iPhone Developer";
				COPY_PHASE_STRIP = NO;
				DEBUG_INFORMATION_FORMAT = dwarf;
				ENABLE_STRICT_OBJC_MSGSEND = YES;
				ENABLE_TESTABILITY = YES;
				GCC_C_LANGUAGE_STANDARD = gnu99;
				GCC_DYNAMIC_NO_PIC = NO;
				GCC_NO_COMMON_BLOCKS = YES;
				GCC_OPTIMIZATION_LEVEL = 0;
				GCC_PREPROCESSOR_DEFINITIONS = (
					"DEBUG=1",
					"$(inherited)",
				);
				GCC_WARN_64_TO_32_BIT_CONVERSION = YES;
				GCC_WARN_ABOUT_RETURN_TYPE = YES_ERROR;
				GCC_WARN_UNDECLARED_SELECTOR = YES;
				GCC_WARN_UNINITIALIZED_AUTOS = YES_AGGRESSIVE;
				GCC_WARN_UNUSED_FUNCTION = YES;
				GCC_WARN_UNUSED_VARIABLE = YES;
				IPHONEOS_DEPLOYMENT_TARGET = 10.0;
				MTL_ENABLE_DEBUG_INFO = YES;
				ONLY_ACTIVE_ARCH = YES;
				SDKROOT = iphoneos;
			};
			name = Debug;
		};
		6C28BC2F1E1CC07C00BB6281 /* Release */ = {
			isa = XCBuildConfiguration;
			buildSettings = {
				ALWAYS_SEARCH_USER_PATHS = NO;
				CLANG_ANALYZER_NONNULL = YES;
				CLANG_CXX_LANGUAGE_STANDARD = "gnu++0x";
				CLANG_CXX_LIBRARY = "libc++";
				CLANG_ENABLE_MODULES = YES;
				CLANG_ENABLE_OBJC_ARC = YES;
				CLANG_WARN_BOOL_CONVERSION = YES;
				CLANG_WARN_CONSTANT_CONVERSION = YES;
				CLANG_WARN_DIRECT_OBJC_ISA_USAGE = YES_ERROR;
				CLANG_WARN_DOCUMENTATION_COMMENTS = YES;
				CLANG_WARN_EMPTY_BODY = YES;
				CLANG_WARN_ENUM_CONVERSION = YES;
				CLANG_WARN_INFINITE_RECURSION = YES;
				CLANG_WARN_INT_CONVERSION = YES;
				CLANG_WARN_OBJC_ROOT_CLASS = YES_ERROR;
				CLANG_WARN_SUSPICIOUS_MOVES = YES;
				CLANG_WARN_UNREACHABLE_CODE = YES;
				CLANG_WARN__DUPLICATE_METHOD_MATCH = YES;
				"CODE_SIGN_IDENTITY[sdk=iphoneos*]" = "iPhone Developer";
				COPY_PHASE_STRIP = NO;
				DEBUG_INFORMATION_FORMAT = "dwarf-with-dsym";
				ENABLE_NS_ASSERTIONS = NO;
				ENABLE_STRICT_OBJC_MSGSEND = YES;
				GCC_C_LANGUAGE_STANDARD = gnu99;
				GCC_NO_COMMON_BLOCKS = YES;
				GCC_WARN_64_TO_32_BIT_CONVERSION = YES;
				GCC_WARN_ABOUT_RETURN_TYPE = YES_ERROR;
				GCC_WARN_UNDECLARED_SELECTOR = YES;
				GCC_WARN_UNINITIALIZED_AUTOS = YES_AGGRESSIVE;
				GCC_WARN_UNUSED_FUNCTION = YES;
				GCC_WARN_UNUSED_VARIABLE = YES;
				IPHONEOS_DEPLOYMENT_TARGET = 10.0;
				MTL_ENABLE_DEBUG_INFO = NO;
				SDKROOT = iphoneos;
				VALIDATE_PRODUCT = YES;
			};
			name = Release;
		};
		6C28BC311E1CC07C00BB6281 /* Debug */ = {
			isa = XCBuildConfiguration;
			baseConfigurationReference = 533132B75CAF9C00C03BE45C /* Pods-LSDBuDeJie.debug.xcconfig */;
			buildSettings = {
				ASSETCATALOG_COMPILER_APPICON_NAME = AppIcon;
				ASSETCATALOG_COMPILER_LAUNCHIMAGE_NAME = LaunchImage;
				DEVELOPMENT_TEAM = 392TQSX9ET;
				GCC_PRECOMPILE_PREFIX_HEADER = YES;
				GCC_PREFIX_HEADER = LSDBuDeJie/Other/LSDBuDeJie.pch;
				INFOPLIST_FILE = LSDBuDeJie/Info.plist;
				IPHONEOS_DEPLOYMENT_TARGET = 8.0;
				LD_RUNPATH_SEARCH_PATHS = "$(inherited) @executable_path/Frameworks";
				PRODUCT_BUNDLE_IDENTIFIER = lierda.LSDBuDeJie3;
				PRODUCT_NAME = "$(TARGET_NAME)";
			};
			name = Debug;
		};
		6C28BC321E1CC07C00BB6281 /* Release */ = {
			isa = XCBuildConfiguration;
			baseConfigurationReference = 6121EF2147CB3625C9A3DA86 /* Pods-LSDBuDeJie.release.xcconfig */;
			buildSettings = {
				ASSETCATALOG_COMPILER_APPICON_NAME = AppIcon;
				ASSETCATALOG_COMPILER_LAUNCHIMAGE_NAME = LaunchImage;
				DEVELOPMENT_TEAM = 392TQSX9ET;
				GCC_PRECOMPILE_PREFIX_HEADER = YES;
				GCC_PREFIX_HEADER = LSDBuDeJie/Other/LSDBuDeJie.pch;
				INFOPLIST_FILE = LSDBuDeJie/Info.plist;
				IPHONEOS_DEPLOYMENT_TARGET = 8.0;
				LD_RUNPATH_SEARCH_PATHS = "$(inherited) @executable_path/Frameworks";
				PRODUCT_BUNDLE_IDENTIFIER = lierda.LSDBuDeJie3;
				PRODUCT_NAME = "$(TARGET_NAME)";
			};
			name = Release;
		};
		6C28BC341E1CC07C00BB6281 /* Debug */ = {
			isa = XCBuildConfiguration;
			buildSettings = {
				BUNDLE_LOADER = "$(TEST_HOST)";
				INFOPLIST_FILE = LSDBuDeJieTests/Info.plist;
				LD_RUNPATH_SEARCH_PATHS = "$(inherited) @executable_path/Frameworks @loader_path/Frameworks";
				PRODUCT_BUNDLE_IDENTIFIER = lierda.LSDBuDeJieTests;
				PRODUCT_NAME = "$(TARGET_NAME)";
				TEST_HOST = "$(BUILT_PRODUCTS_DIR)/LSDBuDeJie.app/LSDBuDeJie";
			};
			name = Debug;
		};
		6C28BC351E1CC07C00BB6281 /* Release */ = {
			isa = XCBuildConfiguration;
			buildSettings = {
				BUNDLE_LOADER = "$(TEST_HOST)";
				INFOPLIST_FILE = LSDBuDeJieTests/Info.plist;
				LD_RUNPATH_SEARCH_PATHS = "$(inherited) @executable_path/Frameworks @loader_path/Frameworks";
				PRODUCT_BUNDLE_IDENTIFIER = lierda.LSDBuDeJieTests;
				PRODUCT_NAME = "$(TARGET_NAME)";
				TEST_HOST = "$(BUILT_PRODUCTS_DIR)/LSDBuDeJie.app/LSDBuDeJie";
			};
			name = Release;
		};
		6C28BC371E1CC07C00BB6281 /* Debug */ = {
			isa = XCBuildConfiguration;
			buildSettings = {
				INFOPLIST_FILE = LSDBuDeJieUITests/Info.plist;
				LD_RUNPATH_SEARCH_PATHS = "$(inherited) @executable_path/Frameworks @loader_path/Frameworks";
				PRODUCT_BUNDLE_IDENTIFIER = lierda.LSDBuDeJieUITests;
				PRODUCT_NAME = "$(TARGET_NAME)";
				TEST_TARGET_NAME = LSDBuDeJie;
			};
			name = Debug;
		};
		6C28BC381E1CC07C00BB6281 /* Release */ = {
			isa = XCBuildConfiguration;
			buildSettings = {
				INFOPLIST_FILE = LSDBuDeJieUITests/Info.plist;
				LD_RUNPATH_SEARCH_PATHS = "$(inherited) @executable_path/Frameworks @loader_path/Frameworks";
				PRODUCT_BUNDLE_IDENTIFIER = lierda.LSDBuDeJieUITests;
				PRODUCT_NAME = "$(TARGET_NAME)";
				TEST_TARGET_NAME = LSDBuDeJie;
			};
			name = Release;
		};
/* End XCBuildConfiguration section */

/* Begin XCConfigurationList section */
		6C28BBFE1E1CC07C00BB6281 /* Build configuration list for PBXProject "LSDBuDeJie" */ = {
			isa = XCConfigurationList;
			buildConfigurations = (
				6C28BC2E1E1CC07C00BB6281 /* Debug */,
				6C28BC2F1E1CC07C00BB6281 /* Release */,
			);
			defaultConfigurationIsVisible = 0;
			defaultConfigurationName = Release;
		};
		6C28BC301E1CC07C00BB6281 /* Build configuration list for PBXNativeTarget "LSDBuDeJie" */ = {
			isa = XCConfigurationList;
			buildConfigurations = (
				6C28BC311E1CC07C00BB6281 /* Debug */,
				6C28BC321E1CC07C00BB6281 /* Release */,
			);
			defaultConfigurationIsVisible = 0;
			defaultConfigurationName = Release;
		};
		6C28BC331E1CC07C00BB6281 /* Build configuration list for PBXNativeTarget "LSDBuDeJieTests" */ = {
			isa = XCConfigurationList;
			buildConfigurations = (
				6C28BC341E1CC07C00BB6281 /* Debug */,
				6C28BC351E1CC07C00BB6281 /* Release */,
			);
			defaultConfigurationIsVisible = 0;
			defaultConfigurationName = Release;
		};
		6C28BC361E1CC07C00BB6281 /* Build configuration list for PBXNativeTarget "LSDBuDeJieUITests" */ = {
			isa = XCConfigurationList;
			buildConfigurations = (
				6C28BC371E1CC07C00BB6281 /* Debug */,
				6C28BC381E1CC07C00BB6281 /* Release */,
			);
			defaultConfigurationIsVisible = 0;
			defaultConfigurationName = Release;
		};
/* End XCConfigurationList section */
	};
	rootObject = 6C28BBFB1E1CC07C00BB6281 /* Project object */;
}
